
Microsoft Visual Studio Solution File, Format Version 12.00
# Visual Studio Version 16
VisualStudioVersion = 16.0.29418.71
MinimumVisualStudioVersion = 15.0.26124.0
Project("{2150E333-8FDC-42A3-9474-1A3956D46DE8}") = "Infrastructures", "Infrastructures", "{AAF1321B-9579-4EDF-9577-2A2076557124}"
EndProject
Project("{9A19103F-16F7-4668-BE54-9A1E7A4F7556}") = "Infrastructure", "Infrastructures\Infrastructure\Infrastructure.csproj", "{7FC0D2B0-DC37-4C58-9023-323543089CB7}"
EndProject
Project("{9A19103F-16F7-4668-BE54-9A1E7A4F7556}") = "Infrastructure.Database", "Infrastructures\Infrastructure.Database\Infrastructure.Database.csproj", "{BC7A72AD-FAF1-44DB-B9A2-C3F6D32B491E}"
EndProject
Project("{9A19103F-16F7-4668-BE54-9A1E7A4F7556}") = "Infrastructure.Database.EntityFramework", "Infrastructures\Infrastructure.Database.EntityFramework\Infrastructure.Database.EntityFramework.csproj", "{3CD735C6-4A58-4A5F-8F55-4209DEA86782}"
EndProject
Project("{2150E333-8FDC-42A3-9474-1A3956D46DE8}") = "Jarvis", "Jarvis", "{9438174B-8DC5-4EAE-B147-F20E8574DE06}"
EndProject
Project("{9A19103F-16F7-4668-BE54-9A1E7A4F7556}") = "JarvisPresentation", "JarvisPresentation\JarvisPresentation.csproj", "{5A3E991A-F5AC-40FE-8BEB-104FF4768A82}"
EndProject
Project("{9A19103F-16F7-4668-BE54-9A1E7A4F7556}") = "Jarvis.Core", "Jarvis\Jarvis.Core\Jarvis.Core.csproj", "{9CF9CC23-1670-4941-B626-831E909945E1}"
EndProject
Project("{9A19103F-16F7-4668-BE54-9A1E7A4F7556}") = "Jarvis.Core.Database", "Jarvis\Jarvis.Core.Database\Jarvis.Core.Database.csproj", "{280802AE-6D62-4088-8156-8A7DDF4450EA}"
EndProject
Project("{9A19103F-16F7-4668-BE54-9A1E7A4F7556}") = "Jarvis.Core.Database.MySql", "Jarvis\Jarvis.Core.Database.MySql\Jarvis.Core.Database.MySql.csproj", "{539A815A-F6E6-4016-8F61-ADE5F43049A4}"
EndProject
Project("{9A19103F-16F7-4668-BE54-9A1E7A4F7556}") = "Jarvis.Core.Database.SqlServer", "Jarvis\Jarvis.Core.Database.SqlServer\Jarvis.Core.Database.SqlServer.csproj", "{C9C56898-8BEC-4DF5-9832-533B7AF6A06F}"
EndProject
Project("{9A19103F-16F7-4668-BE54-9A1E7A4F7556}") = "Infrastructure.Caching", "Infrastructures\Infrastructure.Caching\Infrastructure.Caching.csproj", "{3FAB6F63-FC5C-48FE-B7E0-0852E3F34E6D}"
EndProject
Project("{9A19103F-16F7-4668-BE54-9A1E7A4F7556}") = "Infrastructure.Caching.Redis", "Infrastructures\Infrastructure.Caching.Redis\Infrastructure.Caching.Redis.csproj", "{B08CC99C-ABC1-461F-A161-1B75CC32215A}"
EndProject
Project("{9A19103F-16F7-4668-BE54-9A1E7A4F7556}") = "Infrastructure.Message.Kafka", "Infrastructures\Infrastructure.Message.Kafka\Infrastructure.Message.Kafka.csproj", "{53962FDA-F6B6-42B6-982F-3FF0A138ADAE}"
EndProject
Project("{9A19103F-16F7-4668-BE54-9A1E7A4F7556}") = "Infrastructure.Message.Msmq", "Infrastructures\Infrastructure.Message.Msmq\Infrastructure.Message.Msmq.csproj", "{28F3DDCB-9F94-4655-AD42-40C8D3E9190E}"
EndProject
Project("{9A19103F-16F7-4668-BE54-9A1E7A4F7556}") = "Infrastructure.Message.Rabbit", "Infrastructures\Infrastructure.Message.Rabbit\Infrastructure.Message.Rabbit.csproj", "{ADF0AEB8-5766-41D6-BBAE-210ADD78E184}"
EndProject
Project("{FAE04EC0-301F-11D3-BF4B-00C04F79EFBC}") = "Infrastructure.Database.Dapper", "Infrastructures\Infrastructure.Database.Dapper\Infrastructure.Database.Dapper.csproj", "{83CEE1CC-2990-42A8-B16C-0E4D33EB362A}"
EndProject
Project("{2150E333-8FDC-42A3-9474-1A3956D46DE8}") = "Microservices", "Microservices", "{A23CDE3F-A5C3-4171-AF80-64FCCB60DC86}"
EndProject
Project("{FAE04EC0-301F-11D3-BF4B-00C04F79EFBC}") = "Service.RabbitMq.PubSub", "Microservices\Service.RabbitMq.PubSub\Service.RabbitMq.PubSub.csproj", "{27F78067-99B0-463E-A7F2-6F4F4C05F86D}"
EndProject
Project("{FAE04EC0-301F-11D3-BF4B-00C04F79EFBC}") = "Service.RabbitMq.PubSubClient", "Microservices\Service.RabbitMq.PubSubClient\Service.RabbitMq.PubSubClient.csproj", "{B3C373E7-6500-4D6F-8366-526494D92B63}"
EndProject
Project("{FAE04EC0-301F-11D3-BF4B-00C04F79EFBC}") = "Service.RabbitMq.PubSubApi", "Microservices\Service.RabbitMq.PubSubApi\Service.RabbitMq.PubSubApi.csproj", "{FCAC2AE4-EEC6-4E95-87A0-85EF757F2C58}"
EndProject
Project("{FAE04EC0-301F-11D3-BF4B-00C04F79EFBC}") = "Infrastructure.File.Minio", "Infrastructures\Infrastructure.File.Minio\Infrastructure.File.Minio.csproj", "{BD206562-D0A7-4782-904B-20BE90C9991E}"
EndProject
Project("{FAE04EC0-301F-11D3-BF4B-00C04F79EFBC}") = "Infrastructure.File", "Infrastructures\Infrastructure.File\Infrastructure.File.csproj", "{26CEE131-D123-4FC8-A80E-0D7B1D1208A3}"
EndProject
Project("{FAE04EC0-301F-11D3-BF4B-00C04F79EFBC}") = "Jarvis.Core.Database.Oracle", "Jarvis\Jarvis.Core.Database.Oracle\Jarvis.Core.Database.Oracle.csproj", "{C58B2067-26BD-4F95-A1A4-E32B4B5B2AF7}"
EndProject
Project("{FAE04EC0-301F-11D3-BF4B-00C04F79EFBC}") = "Jarvis.Core.Database.SQLite", "Jarvis\Jarvis.Core.Database.SQLite\Jarvis.Core.Database.SQLite.csproj", "{B2F5BB63-DA47-44CD-9D84-48840CF31B81}"
EndProject
Project("{FAE04EC0-301F-11D3-BF4B-00C04F79EFBC}") = "Jarvis.Core.Database.Postgres", "Jarvis\Jarvis.Core.Database.Postgres\Jarvis.Core.Database.Postgres.csproj", "{F24833AE-3619-4516-A12B-A3454A22954C}"
EndProject
Global
	GlobalSection(SolutionConfigurationPlatforms) = preSolution
		Debug|Any CPU = Debug|Any CPU
		Debug|x64 = Debug|x64
		Debug|x86 = Debug|x86
		Release|Any CPU = Release|Any CPU
		Release|x64 = Release|x64
		Release|x86 = Release|x86
	EndGlobalSection
	GlobalSection(ProjectConfigurationPlatforms) = postSolution
		{7FC0D2B0-DC37-4C58-9023-323543089CB7}.Debug|Any CPU.ActiveCfg = Debug|Any CPU
		{7FC0D2B0-DC37-4C58-9023-323543089CB7}.Debug|Any CPU.Build.0 = Debug|Any CPU
		{7FC0D2B0-DC37-4C58-9023-323543089CB7}.Debug|x64.ActiveCfg = Debug|Any CPU
		{7FC0D2B0-DC37-4C58-9023-323543089CB7}.Debug|x64.Build.0 = Debug|Any CPU
		{7FC0D2B0-DC37-4C58-9023-323543089CB7}.Debug|x86.ActiveCfg = Debug|Any CPU
		{7FC0D2B0-DC37-4C58-9023-323543089CB7}.Debug|x86.Build.0 = Debug|Any CPU
		{7FC0D2B0-DC37-4C58-9023-323543089CB7}.Release|Any CPU.ActiveCfg = Release|Any CPU
		{7FC0D2B0-DC37-4C58-9023-323543089CB7}.Release|Any CPU.Build.0 = Release|Any CPU
		{7FC0D2B0-DC37-4C58-9023-323543089CB7}.Release|x64.ActiveCfg = Release|Any CPU
		{7FC0D2B0-DC37-4C58-9023-323543089CB7}.Release|x64.Build.0 = Release|Any CPU
		{7FC0D2B0-DC37-4C58-9023-323543089CB7}.Release|x86.ActiveCfg = Release|Any CPU
		{7FC0D2B0-DC37-4C58-9023-323543089CB7}.Release|x86.Build.0 = Release|Any CPU
		{BC7A72AD-FAF1-44DB-B9A2-C3F6D32B491E}.Debug|Any CPU.ActiveCfg = Debug|Any CPU
		{BC7A72AD-FAF1-44DB-B9A2-C3F6D32B491E}.Debug|Any CPU.Build.0 = Debug|Any CPU
		{BC7A72AD-FAF1-44DB-B9A2-C3F6D32B491E}.Debug|x64.ActiveCfg = Debug|Any CPU
		{BC7A72AD-FAF1-44DB-B9A2-C3F6D32B491E}.Debug|x64.Build.0 = Debug|Any CPU
		{BC7A72AD-FAF1-44DB-B9A2-C3F6D32B491E}.Debug|x86.ActiveCfg = Debug|Any CPU
		{BC7A72AD-FAF1-44DB-B9A2-C3F6D32B491E}.Debug|x86.Build.0 = Debug|Any CPU
		{BC7A72AD-FAF1-44DB-B9A2-C3F6D32B491E}.Release|Any CPU.ActiveCfg = Release|Any CPU
		{BC7A72AD-FAF1-44DB-B9A2-C3F6D32B491E}.Release|Any CPU.Build.0 = Release|Any CPU
		{BC7A72AD-FAF1-44DB-B9A2-C3F6D32B491E}.Release|x64.ActiveCfg = Release|Any CPU
		{BC7A72AD-FAF1-44DB-B9A2-C3F6D32B491E}.Release|x64.Build.0 = Release|Any CPU
		{BC7A72AD-FAF1-44DB-B9A2-C3F6D32B491E}.Release|x86.ActiveCfg = Release|Any CPU
		{BC7A72AD-FAF1-44DB-B9A2-C3F6D32B491E}.Release|x86.Build.0 = Release|Any CPU
		{3CD735C6-4A58-4A5F-8F55-4209DEA86782}.Debug|Any CPU.ActiveCfg = Debug|Any CPU
		{3CD735C6-4A58-4A5F-8F55-4209DEA86782}.Debug|Any CPU.Build.0 = Debug|Any CPU
		{3CD735C6-4A58-4A5F-8F55-4209DEA86782}.Debug|x64.ActiveCfg = Debug|Any CPU
		{3CD735C6-4A58-4A5F-8F55-4209DEA86782}.Debug|x64.Build.0 = Debug|Any CPU
		{3CD735C6-4A58-4A5F-8F55-4209DEA86782}.Debug|x86.ActiveCfg = Debug|Any CPU
		{3CD735C6-4A58-4A5F-8F55-4209DEA86782}.Debug|x86.Build.0 = Debug|Any CPU
		{3CD735C6-4A58-4A5F-8F55-4209DEA86782}.Release|Any CPU.ActiveCfg = Release|Any CPU
		{3CD735C6-4A58-4A5F-8F55-4209DEA86782}.Release|Any CPU.Build.0 = Release|Any CPU
		{3CD735C6-4A58-4A5F-8F55-4209DEA86782}.Release|x64.ActiveCfg = Release|Any CPU
		{3CD735C6-4A58-4A5F-8F55-4209DEA86782}.Release|x64.Build.0 = Release|Any CPU
		{3CD735C6-4A58-4A5F-8F55-4209DEA86782}.Release|x86.ActiveCfg = Release|Any CPU
		{3CD735C6-4A58-4A5F-8F55-4209DEA86782}.Release|x86.Build.0 = Release|Any CPU
		{5A3E991A-F5AC-40FE-8BEB-104FF4768A82}.Debug|Any CPU.ActiveCfg = Debug|Any CPU
		{5A3E991A-F5AC-40FE-8BEB-104FF4768A82}.Debug|Any CPU.Build.0 = Debug|Any CPU
		{5A3E991A-F5AC-40FE-8BEB-104FF4768A82}.Debug|x64.ActiveCfg = Debug|Any CPU
		{5A3E991A-F5AC-40FE-8BEB-104FF4768A82}.Debug|x64.Build.0 = Debug|Any CPU
		{5A3E991A-F5AC-40FE-8BEB-104FF4768A82}.Debug|x86.ActiveCfg = Debug|Any CPU
		{5A3E991A-F5AC-40FE-8BEB-104FF4768A82}.Debug|x86.Build.0 = Debug|Any CPU
		{5A3E991A-F5AC-40FE-8BEB-104FF4768A82}.Release|Any CPU.ActiveCfg = Release|Any CPU
		{5A3E991A-F5AC-40FE-8BEB-104FF4768A82}.Release|Any CPU.Build.0 = Release|Any CPU
		{5A3E991A-F5AC-40FE-8BEB-104FF4768A82}.Release|x64.ActiveCfg = Release|Any CPU
		{5A3E991A-F5AC-40FE-8BEB-104FF4768A82}.Release|x64.Build.0 = Release|Any CPU
		{5A3E991A-F5AC-40FE-8BEB-104FF4768A82}.Release|x86.ActiveCfg = Release|Any CPU
		{5A3E991A-F5AC-40FE-8BEB-104FF4768A82}.Release|x86.Build.0 = Release|Any CPU
		{9CF9CC23-1670-4941-B626-831E909945E1}.Debug|Any CPU.ActiveCfg = Debug|Any CPU
		{9CF9CC23-1670-4941-B626-831E909945E1}.Debug|Any CPU.Build.0 = Debug|Any CPU
		{9CF9CC23-1670-4941-B626-831E909945E1}.Debug|x64.ActiveCfg = Debug|Any CPU
		{9CF9CC23-1670-4941-B626-831E909945E1}.Debug|x64.Build.0 = Debug|Any CPU
		{9CF9CC23-1670-4941-B626-831E909945E1}.Debug|x86.ActiveCfg = Debug|Any CPU
		{9CF9CC23-1670-4941-B626-831E909945E1}.Debug|x86.Build.0 = Debug|Any CPU
		{9CF9CC23-1670-4941-B626-831E909945E1}.Release|Any CPU.ActiveCfg = Release|Any CPU
		{9CF9CC23-1670-4941-B626-831E909945E1}.Release|Any CPU.Build.0 = Release|Any CPU
		{9CF9CC23-1670-4941-B626-831E909945E1}.Release|x64.ActiveCfg = Release|Any CPU
		{9CF9CC23-1670-4941-B626-831E909945E1}.Release|x64.Build.0 = Release|Any CPU
		{9CF9CC23-1670-4941-B626-831E909945E1}.Release|x86.ActiveCfg = Release|Any CPU
		{9CF9CC23-1670-4941-B626-831E909945E1}.Release|x86.Build.0 = Release|Any CPU
		{280802AE-6D62-4088-8156-8A7DDF4450EA}.Debug|Any CPU.ActiveCfg = Debug|Any CPU
		{280802AE-6D62-4088-8156-8A7DDF4450EA}.Debug|Any CPU.Build.0 = Debug|Any CPU
		{280802AE-6D62-4088-8156-8A7DDF4450EA}.Debug|x64.ActiveCfg = Debug|Any CPU
		{280802AE-6D62-4088-8156-8A7DDF4450EA}.Debug|x64.Build.0 = Debug|Any CPU
		{280802AE-6D62-4088-8156-8A7DDF4450EA}.Debug|x86.ActiveCfg = Debug|Any CPU
		{280802AE-6D62-4088-8156-8A7DDF4450EA}.Debug|x86.Build.0 = Debug|Any CPU
		{280802AE-6D62-4088-8156-8A7DDF4450EA}.Release|Any CPU.ActiveCfg = Release|Any CPU
		{280802AE-6D62-4088-8156-8A7DDF4450EA}.Release|Any CPU.Build.0 = Release|Any CPU
		{280802AE-6D62-4088-8156-8A7DDF4450EA}.Release|x64.ActiveCfg = Release|Any CPU
		{280802AE-6D62-4088-8156-8A7DDF4450EA}.Release|x64.Build.0 = Release|Any CPU
		{280802AE-6D62-4088-8156-8A7DDF4450EA}.Release|x86.ActiveCfg = Release|Any CPU
		{280802AE-6D62-4088-8156-8A7DDF4450EA}.Release|x86.Build.0 = Release|Any CPU
		{539A815A-F6E6-4016-8F61-ADE5F43049A4}.Debug|Any CPU.ActiveCfg = Debug|Any CPU
		{539A815A-F6E6-4016-8F61-ADE5F43049A4}.Debug|Any CPU.Build.0 = Debug|Any CPU
		{539A815A-F6E6-4016-8F61-ADE5F43049A4}.Debug|x64.ActiveCfg = Debug|Any CPU
		{539A815A-F6E6-4016-8F61-ADE5F43049A4}.Debug|x64.Build.0 = Debug|Any CPU
		{539A815A-F6E6-4016-8F61-ADE5F43049A4}.Debug|x86.ActiveCfg = Debug|Any CPU
		{539A815A-F6E6-4016-8F61-ADE5F43049A4}.Debug|x86.Build.0 = Debug|Any CPU
		{539A815A-F6E6-4016-8F61-ADE5F43049A4}.Release|Any CPU.ActiveCfg = Release|Any CPU
		{539A815A-F6E6-4016-8F61-ADE5F43049A4}.Release|Any CPU.Build.0 = Release|Any CPU
		{539A815A-F6E6-4016-8F61-ADE5F43049A4}.Release|x64.ActiveCfg = Release|Any CPU
		{539A815A-F6E6-4016-8F61-ADE5F43049A4}.Release|x64.Build.0 = Release|Any CPU
		{539A815A-F6E6-4016-8F61-ADE5F43049A4}.Release|x86.ActiveCfg = Release|Any CPU
		{539A815A-F6E6-4016-8F61-ADE5F43049A4}.Release|x86.Build.0 = Release|Any CPU
		{C9C56898-8BEC-4DF5-9832-533B7AF6A06F}.Debug|Any CPU.ActiveCfg = Debug|Any CPU
		{C9C56898-8BEC-4DF5-9832-533B7AF6A06F}.Debug|Any CPU.Build.0 = Debug|Any CPU
		{C9C56898-8BEC-4DF5-9832-533B7AF6A06F}.Debug|x64.ActiveCfg = Debug|Any CPU
		{C9C56898-8BEC-4DF5-9832-533B7AF6A06F}.Debug|x64.Build.0 = Debug|Any CPU
		{C9C56898-8BEC-4DF5-9832-533B7AF6A06F}.Debug|x86.ActiveCfg = Debug|Any CPU
		{C9C56898-8BEC-4DF5-9832-533B7AF6A06F}.Debug|x86.Build.0 = Debug|Any CPU
		{C9C56898-8BEC-4DF5-9832-533B7AF6A06F}.Release|Any CPU.ActiveCfg = Release|Any CPU
		{C9C56898-8BEC-4DF5-9832-533B7AF6A06F}.Release|Any CPU.Build.0 = Release|Any CPU
		{C9C56898-8BEC-4DF5-9832-533B7AF6A06F}.Release|x64.ActiveCfg = Release|Any CPU
		{C9C56898-8BEC-4DF5-9832-533B7AF6A06F}.Release|x64.Build.0 = Release|Any CPU
		{C9C56898-8BEC-4DF5-9832-533B7AF6A06F}.Release|x86.ActiveCfg = Release|Any CPU
		{C9C56898-8BEC-4DF5-9832-533B7AF6A06F}.Release|x86.Build.0 = Release|Any CPU
		{3FAB6F63-FC5C-48FE-B7E0-0852E3F34E6D}.Debug|Any CPU.ActiveCfg = Debug|Any CPU
		{3FAB6F63-FC5C-48FE-B7E0-0852E3F34E6D}.Debug|Any CPU.Build.0 = Debug|Any CPU
		{3FAB6F63-FC5C-48FE-B7E0-0852E3F34E6D}.Debug|x64.ActiveCfg = Debug|Any CPU
		{3FAB6F63-FC5C-48FE-B7E0-0852E3F34E6D}.Debug|x64.Build.0 = Debug|Any CPU
		{3FAB6F63-FC5C-48FE-B7E0-0852E3F34E6D}.Debug|x86.ActiveCfg = Debug|Any CPU
		{3FAB6F63-FC5C-48FE-B7E0-0852E3F34E6D}.Debug|x86.Build.0 = Debug|Any CPU
		{3FAB6F63-FC5C-48FE-B7E0-0852E3F34E6D}.Release|Any CPU.ActiveCfg = Release|Any CPU
		{3FAB6F63-FC5C-48FE-B7E0-0852E3F34E6D}.Release|Any CPU.Build.0 = Release|Any CPU
		{3FAB6F63-FC5C-48FE-B7E0-0852E3F34E6D}.Release|x64.ActiveCfg = Release|Any CPU
		{3FAB6F63-FC5C-48FE-B7E0-0852E3F34E6D}.Release|x64.Build.0 = Release|Any CPU
		{3FAB6F63-FC5C-48FE-B7E0-0852E3F34E6D}.Release|x86.ActiveCfg = Release|Any CPU
		{3FAB6F63-FC5C-48FE-B7E0-0852E3F34E6D}.Release|x86.Build.0 = Release|Any CPU
		{B08CC99C-ABC1-461F-A161-1B75CC32215A}.Debug|Any CPU.ActiveCfg = Debug|Any CPU
		{B08CC99C-ABC1-461F-A161-1B75CC32215A}.Debug|Any CPU.Build.0 = Debug|Any CPU
		{B08CC99C-ABC1-461F-A161-1B75CC32215A}.Debug|x64.ActiveCfg = Debug|Any CPU
		{B08CC99C-ABC1-461F-A161-1B75CC32215A}.Debug|x64.Build.0 = Debug|Any CPU
		{B08CC99C-ABC1-461F-A161-1B75CC32215A}.Debug|x86.ActiveCfg = Debug|Any CPU
		{B08CC99C-ABC1-461F-A161-1B75CC32215A}.Debug|x86.Build.0 = Debug|Any CPU
		{B08CC99C-ABC1-461F-A161-1B75CC32215A}.Release|Any CPU.ActiveCfg = Release|Any CPU
		{B08CC99C-ABC1-461F-A161-1B75CC32215A}.Release|Any CPU.Build.0 = Release|Any CPU
		{B08CC99C-ABC1-461F-A161-1B75CC32215A}.Release|x64.ActiveCfg = Release|Any CPU
		{B08CC99C-ABC1-461F-A161-1B75CC32215A}.Release|x64.Build.0 = Release|Any CPU
		{B08CC99C-ABC1-461F-A161-1B75CC32215A}.Release|x86.ActiveCfg = Release|Any CPU
		{B08CC99C-ABC1-461F-A161-1B75CC32215A}.Release|x86.Build.0 = Release|Any CPU
		{53962FDA-F6B6-42B6-982F-3FF0A138ADAE}.Debug|Any CPU.ActiveCfg = Debug|Any CPU
		{53962FDA-F6B6-42B6-982F-3FF0A138ADAE}.Debug|Any CPU.Build.0 = Debug|Any CPU
		{53962FDA-F6B6-42B6-982F-3FF0A138ADAE}.Debug|x64.ActiveCfg = Debug|Any CPU
		{53962FDA-F6B6-42B6-982F-3FF0A138ADAE}.Debug|x64.Build.0 = Debug|Any CPU
		{53962FDA-F6B6-42B6-982F-3FF0A138ADAE}.Debug|x86.ActiveCfg = Debug|Any CPU
		{53962FDA-F6B6-42B6-982F-3FF0A138ADAE}.Debug|x86.Build.0 = Debug|Any CPU
		{53962FDA-F6B6-42B6-982F-3FF0A138ADAE}.Release|Any CPU.ActiveCfg = Release|Any CPU
		{53962FDA-F6B6-42B6-982F-3FF0A138ADAE}.Release|Any CPU.Build.0 = Release|Any CPU
		{53962FDA-F6B6-42B6-982F-3FF0A138ADAE}.Release|x64.ActiveCfg = Release|Any CPU
		{53962FDA-F6B6-42B6-982F-3FF0A138ADAE}.Release|x64.Build.0 = Release|Any CPU
		{53962FDA-F6B6-42B6-982F-3FF0A138ADAE}.Release|x86.ActiveCfg = Release|Any CPU
		{53962FDA-F6B6-42B6-982F-3FF0A138ADAE}.Release|x86.Build.0 = Release|Any CPU
		{28F3DDCB-9F94-4655-AD42-40C8D3E9190E}.Debug|Any CPU.ActiveCfg = Debug|Any CPU
		{28F3DDCB-9F94-4655-AD42-40C8D3E9190E}.Debug|Any CPU.Build.0 = Debug|Any CPU
		{28F3DDCB-9F94-4655-AD42-40C8D3E9190E}.Debug|x64.ActiveCfg = Debug|Any CPU
		{28F3DDCB-9F94-4655-AD42-40C8D3E9190E}.Debug|x64.Build.0 = Debug|Any CPU
		{28F3DDCB-9F94-4655-AD42-40C8D3E9190E}.Debug|x86.ActiveCfg = Debug|Any CPU
		{28F3DDCB-9F94-4655-AD42-40C8D3E9190E}.Debug|x86.Build.0 = Debug|Any CPU
		{28F3DDCB-9F94-4655-AD42-40C8D3E9190E}.Release|Any CPU.ActiveCfg = Release|Any CPU
		{28F3DDCB-9F94-4655-AD42-40C8D3E9190E}.Release|Any CPU.Build.0 = Release|Any CPU
		{28F3DDCB-9F94-4655-AD42-40C8D3E9190E}.Release|x64.ActiveCfg = Release|Any CPU
		{28F3DDCB-9F94-4655-AD42-40C8D3E9190E}.Release|x64.Build.0 = Release|Any CPU
		{28F3DDCB-9F94-4655-AD42-40C8D3E9190E}.Release|x86.ActiveCfg = Release|Any CPU
		{28F3DDCB-9F94-4655-AD42-40C8D3E9190E}.Release|x86.Build.0 = Release|Any CPU
		{ADF0AEB8-5766-41D6-BBAE-210ADD78E184}.Debug|Any CPU.ActiveCfg = Debug|Any CPU
		{ADF0AEB8-5766-41D6-BBAE-210ADD78E184}.Debug|Any CPU.Build.0 = Debug|Any CPU
		{ADF0AEB8-5766-41D6-BBAE-210ADD78E184}.Debug|x64.ActiveCfg = Debug|Any CPU
		{ADF0AEB8-5766-41D6-BBAE-210ADD78E184}.Debug|x64.Build.0 = Debug|Any CPU
		{ADF0AEB8-5766-41D6-BBAE-210ADD78E184}.Debug|x86.ActiveCfg = Debug|Any CPU
		{ADF0AEB8-5766-41D6-BBAE-210ADD78E184}.Debug|x86.Build.0 = Debug|Any CPU
		{ADF0AEB8-5766-41D6-BBAE-210ADD78E184}.Release|Any CPU.ActiveCfg = Release|Any CPU
		{ADF0AEB8-5766-41D6-BBAE-210ADD78E184}.Release|Any CPU.Build.0 = Release|Any CPU
		{ADF0AEB8-5766-41D6-BBAE-210ADD78E184}.Release|x64.ActiveCfg = Release|Any CPU
		{ADF0AEB8-5766-41D6-BBAE-210ADD78E184}.Release|x64.Build.0 = Release|Any CPU
		{ADF0AEB8-5766-41D6-BBAE-210ADD78E184}.Release|x86.ActiveCfg = Release|Any CPU
		{ADF0AEB8-5766-41D6-BBAE-210ADD78E184}.Release|x86.Build.0 = Release|Any CPU
		{83CEE1CC-2990-42A8-B16C-0E4D33EB362A}.Debug|Any CPU.ActiveCfg = Debug|Any CPU
		{83CEE1CC-2990-42A8-B16C-0E4D33EB362A}.Debug|Any CPU.Build.0 = Debug|Any CPU
		{83CEE1CC-2990-42A8-B16C-0E4D33EB362A}.Debug|x64.ActiveCfg = Debug|Any CPU
		{83CEE1CC-2990-42A8-B16C-0E4D33EB362A}.Debug|x64.Build.0 = Debug|Any CPU
		{83CEE1CC-2990-42A8-B16C-0E4D33EB362A}.Debug|x86.ActiveCfg = Debug|Any CPU
		{83CEE1CC-2990-42A8-B16C-0E4D33EB362A}.Debug|x86.Build.0 = Debug|Any CPU
		{83CEE1CC-2990-42A8-B16C-0E4D33EB362A}.Release|Any CPU.ActiveCfg = Release|Any CPU
		{83CEE1CC-2990-42A8-B16C-0E4D33EB362A}.Release|Any CPU.Build.0 = Release|Any CPU
		{83CEE1CC-2990-42A8-B16C-0E4D33EB362A}.Release|x64.ActiveCfg = Release|Any CPU
		{83CEE1CC-2990-42A8-B16C-0E4D33EB362A}.Release|x64.Build.0 = Release|Any CPU
		{83CEE1CC-2990-42A8-B16C-0E4D33EB362A}.Release|x86.ActiveCfg = Release|Any CPU
		{83CEE1CC-2990-42A8-B16C-0E4D33EB362A}.Release|x86.Build.0 = Release|Any CPU
		{27F78067-99B0-463E-A7F2-6F4F4C05F86D}.Debug|Any CPU.ActiveCfg = Debug|Any CPU
		{27F78067-99B0-463E-A7F2-6F4F4C05F86D}.Debug|Any CPU.Build.0 = Debug|Any CPU
		{27F78067-99B0-463E-A7F2-6F4F4C05F86D}.Debug|x64.ActiveCfg = Debug|Any CPU
		{27F78067-99B0-463E-A7F2-6F4F4C05F86D}.Debug|x64.Build.0 = Debug|Any CPU
		{27F78067-99B0-463E-A7F2-6F4F4C05F86D}.Debug|x86.ActiveCfg = Debug|Any CPU
		{27F78067-99B0-463E-A7F2-6F4F4C05F86D}.Debug|x86.Build.0 = Debug|Any CPU
		{27F78067-99B0-463E-A7F2-6F4F4C05F86D}.Release|Any CPU.ActiveCfg = Release|Any CPU
		{27F78067-99B0-463E-A7F2-6F4F4C05F86D}.Release|Any CPU.Build.0 = Release|Any CPU
		{27F78067-99B0-463E-A7F2-6F4F4C05F86D}.Release|x64.ActiveCfg = Release|Any CPU
		{27F78067-99B0-463E-A7F2-6F4F4C05F86D}.Release|x64.Build.0 = Release|Any CPU
		{27F78067-99B0-463E-A7F2-6F4F4C05F86D}.Release|x86.ActiveCfg = Release|Any CPU
		{27F78067-99B0-463E-A7F2-6F4F4C05F86D}.Release|x86.Build.0 = Release|Any CPU
		{B3C373E7-6500-4D6F-8366-526494D92B63}.Debug|Any CPU.ActiveCfg = Debug|Any CPU
		{B3C373E7-6500-4D6F-8366-526494D92B63}.Debug|Any CPU.Build.0 = Debug|Any CPU
		{B3C373E7-6500-4D6F-8366-526494D92B63}.Debug|x64.ActiveCfg = Debug|Any CPU
		{B3C373E7-6500-4D6F-8366-526494D92B63}.Debug|x64.Build.0 = Debug|Any CPU
		{B3C373E7-6500-4D6F-8366-526494D92B63}.Debug|x86.ActiveCfg = Debug|Any CPU
		{B3C373E7-6500-4D6F-8366-526494D92B63}.Debug|x86.Build.0 = Debug|Any CPU
		{B3C373E7-6500-4D6F-8366-526494D92B63}.Release|Any CPU.ActiveCfg = Release|Any CPU
		{B3C373E7-6500-4D6F-8366-526494D92B63}.Release|Any CPU.Build.0 = Release|Any CPU
		{B3C373E7-6500-4D6F-8366-526494D92B63}.Release|x64.ActiveCfg = Release|Any CPU
		{B3C373E7-6500-4D6F-8366-526494D92B63}.Release|x64.Build.0 = Release|Any CPU
		{B3C373E7-6500-4D6F-8366-526494D92B63}.Release|x86.ActiveCfg = Release|Any CPU
		{B3C373E7-6500-4D6F-8366-526494D92B63}.Release|x86.Build.0 = Release|Any CPU
		{FCAC2AE4-EEC6-4E95-87A0-85EF757F2C58}.Debug|Any CPU.ActiveCfg = Debug|Any CPU
		{FCAC2AE4-EEC6-4E95-87A0-85EF757F2C58}.Debug|Any CPU.Build.0 = Debug|Any CPU
		{FCAC2AE4-EEC6-4E95-87A0-85EF757F2C58}.Debug|x64.ActiveCfg = Debug|Any CPU
		{FCAC2AE4-EEC6-4E95-87A0-85EF757F2C58}.Debug|x64.Build.0 = Debug|Any CPU
		{FCAC2AE4-EEC6-4E95-87A0-85EF757F2C58}.Debug|x86.ActiveCfg = Debug|Any CPU
		{FCAC2AE4-EEC6-4E95-87A0-85EF757F2C58}.Debug|x86.Build.0 = Debug|Any CPU
		{FCAC2AE4-EEC6-4E95-87A0-85EF757F2C58}.Release|Any CPU.ActiveCfg = Release|Any CPU
		{FCAC2AE4-EEC6-4E95-87A0-85EF757F2C58}.Release|Any CPU.Build.0 = Release|Any CPU
		{FCAC2AE4-EEC6-4E95-87A0-85EF757F2C58}.Release|x64.ActiveCfg = Release|Any CPU
		{FCAC2AE4-EEC6-4E95-87A0-85EF757F2C58}.Release|x64.Build.0 = Release|Any CPU
		{FCAC2AE4-EEC6-4E95-87A0-85EF757F2C58}.Release|x86.ActiveCfg = Release|Any CPU
		{FCAC2AE4-EEC6-4E95-87A0-85EF757F2C58}.Release|x86.Build.0 = Release|Any CPU
		{BD206562-D0A7-4782-904B-20BE90C9991E}.Debug|Any CPU.ActiveCfg = Debug|Any CPU
		{BD206562-D0A7-4782-904B-20BE90C9991E}.Debug|Any CPU.Build.0 = Debug|Any CPU
		{BD206562-D0A7-4782-904B-20BE90C9991E}.Debug|x64.ActiveCfg = Debug|Any CPU
		{BD206562-D0A7-4782-904B-20BE90C9991E}.Debug|x64.Build.0 = Debug|Any CPU
		{BD206562-D0A7-4782-904B-20BE90C9991E}.Debug|x86.ActiveCfg = Debug|Any CPU
		{BD206562-D0A7-4782-904B-20BE90C9991E}.Debug|x86.Build.0 = Debug|Any CPU
		{BD206562-D0A7-4782-904B-20BE90C9991E}.Release|Any CPU.ActiveCfg = Release|Any CPU
		{BD206562-D0A7-4782-904B-20BE90C9991E}.Release|Any CPU.Build.0 = Release|Any CPU
		{BD206562-D0A7-4782-904B-20BE90C9991E}.Release|x64.ActiveCfg = Release|Any CPU
		{BD206562-D0A7-4782-904B-20BE90C9991E}.Release|x64.Build.0 = Release|Any CPU
		{BD206562-D0A7-4782-904B-20BE90C9991E}.Release|x86.ActiveCfg = Release|Any CPU
		{BD206562-D0A7-4782-904B-20BE90C9991E}.Release|x86.Build.0 = Release|Any CPU
		{26CEE131-D123-4FC8-A80E-0D7B1D1208A3}.Debug|Any CPU.ActiveCfg = Debug|Any CPU
		{26CEE131-D123-4FC8-A80E-0D7B1D1208A3}.Debug|Any CPU.Build.0 = Debug|Any CPU
		{26CEE131-D123-4FC8-A80E-0D7B1D1208A3}.Debug|x64.ActiveCfg = Debug|Any CPU
		{26CEE131-D123-4FC8-A80E-0D7B1D1208A3}.Debug|x64.Build.0 = Debug|Any CPU
		{26CEE131-D123-4FC8-A80E-0D7B1D1208A3}.Debug|x86.ActiveCfg = Debug|Any CPU
		{26CEE131-D123-4FC8-A80E-0D7B1D1208A3}.Debug|x86.Build.0 = Debug|Any CPU
		{26CEE131-D123-4FC8-A80E-0D7B1D1208A3}.Release|Any CPU.ActiveCfg = Release|Any CPU
		{26CEE131-D123-4FC8-A80E-0D7B1D1208A3}.Release|Any CPU.Build.0 = Release|Any CPU
		{26CEE131-D123-4FC8-A80E-0D7B1D1208A3}.Release|x64.ActiveCfg = Release|Any CPU
		{26CEE131-D123-4FC8-A80E-0D7B1D1208A3}.Release|x64.Build.0 = Release|Any CPU
		{26CEE131-D123-4FC8-A80E-0D7B1D1208A3}.Release|x86.ActiveCfg = Release|Any CPU
		{26CEE131-D123-4FC8-A80E-0D7B1D1208A3}.Release|x86.Build.0 = Release|Any CPU
		{C58B2067-26BD-4F95-A1A4-E32B4B5B2AF7}.Debug|Any CPU.ActiveCfg = Debug|Any CPU
		{C58B2067-26BD-4F95-A1A4-E32B4B5B2AF7}.Debug|Any CPU.Build.0 = Debug|Any CPU
		{C58B2067-26BD-4F95-A1A4-E32B4B5B2AF7}.Debug|x64.ActiveCfg = Debug|Any CPU
		{C58B2067-26BD-4F95-A1A4-E32B4B5B2AF7}.Debug|x64.Build.0 = Debug|Any CPU
		{C58B2067-26BD-4F95-A1A4-E32B4B5B2AF7}.Debug|x86.ActiveCfg = Debug|Any CPU
		{C58B2067-26BD-4F95-A1A4-E32B4B5B2AF7}.Debug|x86.Build.0 = Debug|Any CPU
		{C58B2067-26BD-4F95-A1A4-E32B4B5B2AF7}.Release|Any CPU.ActiveCfg = Release|Any CPU
		{C58B2067-26BD-4F95-A1A4-E32B4B5B2AF7}.Release|Any CPU.Build.0 = Release|Any CPU
		{C58B2067-26BD-4F95-A1A4-E32B4B5B2AF7}.Release|x64.ActiveCfg = Release|Any CPU
		{C58B2067-26BD-4F95-A1A4-E32B4B5B2AF7}.Release|x64.Build.0 = Release|Any CPU
		{C58B2067-26BD-4F95-A1A4-E32B4B5B2AF7}.Release|x86.ActiveCfg = Release|Any CPU
		{C58B2067-26BD-4F95-A1A4-E32B4B5B2AF7}.Release|x86.Build.0 = Release|Any CPU
		{B2F5BB63-DA47-44CD-9D84-48840CF31B81}.Debug|Any CPU.ActiveCfg = Debug|Any CPU
		{B2F5BB63-DA47-44CD-9D84-48840CF31B81}.Debug|Any CPU.Build.0 = Debug|Any CPU
		{B2F5BB63-DA47-44CD-9D84-48840CF31B81}.Debug|x64.ActiveCfg = Debug|Any CPU
		{B2F5BB63-DA47-44CD-9D84-48840CF31B81}.Debug|x64.Build.0 = Debug|Any CPU
		{B2F5BB63-DA47-44CD-9D84-48840CF31B81}.Debug|x86.ActiveCfg = Debug|Any CPU
		{B2F5BB63-DA47-44CD-9D84-48840CF31B81}.Debug|x86.Build.0 = Debug|Any CPU
		{B2F5BB63-DA47-44CD-9D84-48840CF31B81}.Release|Any CPU.ActiveCfg = Release|Any CPU
		{B2F5BB63-DA47-44CD-9D84-48840CF31B81}.Release|Any CPU.Build.0 = Release|Any CPU
		{B2F5BB63-DA47-44CD-9D84-48840CF31B81}.Release|x64.ActiveCfg = Release|Any CPU
		{B2F5BB63-DA47-44CD-9D84-48840CF31B81}.Release|x64.Build.0 = Release|Any CPU
		{B2F5BB63-DA47-44CD-9D84-48840CF31B81}.Release|x86.ActiveCfg = Release|Any CPU
		{B2F5BB63-DA47-44CD-9D84-48840CF31B81}.Release|x86.Build.0 = Release|Any CPU
		{F24833AE-3619-4516-A12B-A3454A22954C}.Debug|Any CPU.ActiveCfg = Debug|Any CPU
		{F24833AE-3619-4516-A12B-A3454A22954C}.Debug|Any CPU.Build.0 = Debug|Any CPU
		{F24833AE-3619-4516-A12B-A3454A22954C}.Debug|x64.ActiveCfg = Debug|Any CPU
		{F24833AE-3619-4516-A12B-A3454A22954C}.Debug|x64.Build.0 = Debug|Any CPU
		{F24833AE-3619-4516-A12B-A3454A22954C}.Debug|x86.ActiveCfg = Debug|Any CPU
		{F24833AE-3619-4516-A12B-A3454A22954C}.Debug|x86.Build.0 = Debug|Any CPU
		{F24833AE-3619-4516-A12B-A3454A22954C}.Release|Any CPU.ActiveCfg = Release|Any CPU
		{F24833AE-3619-4516-A12B-A3454A22954C}.Release|Any CPU.Build.0 = Release|Any CPU
		{F24833AE-3619-4516-A12B-A3454A22954C}.Release|x64.ActiveCfg = Release|Any CPU
		{F24833AE-3619-4516-A12B-A3454A22954C}.Release|x64.Build.0 = Release|Any CPU
		{F24833AE-3619-4516-A12B-A3454A22954C}.Release|x86.ActiveCfg = Release|Any CPU
		{F24833AE-3619-4516-A12B-A3454A22954C}.Release|x86.Build.0 = Release|Any CPU
	EndGlobalSection
	GlobalSection(SolutionProperties) = preSolution
		HideSolutionNode = FALSE
	EndGlobalSection
	GlobalSection(NestedProjects) = preSolution
		{7FC0D2B0-DC37-4C58-9023-323543089CB7} = {AAF1321B-9579-4EDF-9577-2A2076557124}
		{BC7A72AD-FAF1-44DB-B9A2-C3F6D32B491E} = {AAF1321B-9579-4EDF-9577-2A2076557124}
		{3CD735C6-4A58-4A5F-8F55-4209DEA86782} = {AAF1321B-9579-4EDF-9577-2A2076557124}
		{9CF9CC23-1670-4941-B626-831E909945E1} = {9438174B-8DC5-4EAE-B147-F20E8574DE06}
		{280802AE-6D62-4088-8156-8A7DDF4450EA} = {9438174B-8DC5-4EAE-B147-F20E8574DE06}
		{539A815A-F6E6-4016-8F61-ADE5F43049A4} = {9438174B-8DC5-4EAE-B147-F20E8574DE06}
		{C9C56898-8BEC-4DF5-9832-533B7AF6A06F} = {9438174B-8DC5-4EAE-B147-F20E8574DE06}
		{3FAB6F63-FC5C-48FE-B7E0-0852E3F34E6D} = {AAF1321B-9579-4EDF-9577-2A2076557124}
		{B08CC99C-ABC1-461F-A161-1B75CC32215A} = {AAF1321B-9579-4EDF-9577-2A2076557124}
		{53962FDA-F6B6-42B6-982F-3FF0A138ADAE} = {AAF1321B-9579-4EDF-9577-2A2076557124}
		{28F3DDCB-9F94-4655-AD42-40C8D3E9190E} = {AAF1321B-9579-4EDF-9577-2A2076557124}
		{ADF0AEB8-5766-41D6-BBAE-210ADD78E184} = {AAF1321B-9579-4EDF-9577-2A2076557124}
		{83CEE1CC-2990-42A8-B16C-0E4D33EB362A} = {AAF1321B-9579-4EDF-9577-2A2076557124}
		{27F78067-99B0-463E-A7F2-6F4F4C05F86D} = {A23CDE3F-A5C3-4171-AF80-64FCCB60DC86}
		{B3C373E7-6500-4D6F-8366-526494D92B63} = {A23CDE3F-A5C3-4171-AF80-64FCCB60DC86}
		{FCAC2AE4-EEC6-4E95-87A0-85EF757F2C58} = {A23CDE3F-A5C3-4171-AF80-64FCCB60DC86}
		{BD206562-D0A7-4782-904B-20BE90C9991E} = {AAF1321B-9579-4EDF-9577-2A2076557124}
		{26CEE131-D123-4FC8-A80E-0D7B1D1208A3} = {AAF1321B-9579-4EDF-9577-2A2076557124}
		{C58B2067-26BD-4F95-A1A4-E32B4B5B2AF7} = {9438174B-8DC5-4EAE-B147-F20E8574DE06}
		{B2F5BB63-DA47-44CD-9D84-48840CF31B81} = {9438174B-8DC5-4EAE-B147-F20E8574DE06}
		{F24833AE-3619-4516-A12B-A3454A22954C} = {9438174B-8DC5-4EAE-B147-F20E8574DE06}
	EndGlobalSection
	GlobalSection(ExtensibilityGlobals) = postSolution
		SolutionGuid = {F4CE7A93-0432-480A-9EA2-8CE79AC44990}
	EndGlobalSection
EndGlobal
