
Microsoft Visual Studio Solution File, Format Version 12.00
# Visual Studio Version 18
VisualStudioVersion = 18.5.11801.241
MinimumVisualStudioVersion = 10.0.40219.1
Project("{FAE04EC0-301F-11D3-BF4B-00C04F79EFBC}") = "Platform.DDD.Application", "frameworks\Platform.DDD.Application\Platform.DDD.Application.csproj", "{5C3BA71E-AFE5-45C3-950A-AD6A9E92538B}"
EndProject
Project("{FAE04EC0-301F-11D3-BF4B-00C04F79EFBC}") = "Platform.DDD.Application.Contracts", "frameworks\Platform.DDD.Application.Contracts\Platform.DDD.Application.Contracts.csproj", "{E2D83B03-7E3E-48B7-822A-76D3DB61E3DB}"
EndProject
Project("{FAE04EC0-301F-11D3-BF4B-00C04F79EFBC}") = "Platform.DDD.Domain", "frameworks\Platform.DDD.Domain\Platform.DDD.Domain.csproj", "{E7CA9283-C9DD-4616-A77C-268DB12CAC8D}"
EndProject
Project("{FAE04EC0-301F-11D3-BF4B-00C04F79EFBC}") = "Platform.DDD.Domain.Shared", "frameworks\Platform.DDD.Domain.Shared\Platform.DDD.Domain.Shared.csproj", "{ACAD108F-F888-42AC-8288-03218FD2B976}"
EndProject
Project("{FAE04EC0-301F-11D3-BF4B-00C04F79EFBC}") = "Sample", "Sample\Sample.csproj", "{1A046DE9-A0A1-4D9F-9A19-073BA28AF910}"
EndProject
Project("{FAE04EC0-301F-11D3-BF4B-00C04F79EFBC}") = "Platform.ORM.EntityFramework", "frameworks\Platform.ORM.EntityFramework\Platform.ORM.EntityFramework.csproj", "{DE26490F-D620-4D35-A88F-B3B01E065DC4}"
EndProject
Project("{FAE04EC0-301F-11D3-BF4B-00C04F79EFBC}") = "Platform.OpenTelemetry", "frameworks\Platform.OpenTelemetry\Platform.OpenTelemetry.csproj", "{259AB0C9-A3A2-43B9-88FA-0ACA35A90ADE}"
EndProject
Project("{FAE04EC0-301F-11D3-BF4B-00C04F79EFBC}") = "Platform.Swashbuckle", "frameworks\Platform.Swashbuckle\Platform.Swashbuckle.csproj", "{170E4851-5F28-42A5-8CEC-6BB79C58D67D}"
EndProject
Project("{FAE04EC0-301F-11D3-BF4B-00C04F79EFBC}") = "Platform.Mvc", "frameworks\Platform.Mvc\Platform.Mvc.csproj", "{7B46080A-061A-4EAB-AB8E-3618EE7CFC4C}"
EndProject
Project("{FAE04EC0-301F-11D3-BF4B-00C04F79EFBC}") = "Platform.Caching", "frameworks\Platform.Caching\Platform.Caching.csproj", "{83C9CDAF-C729-442E-855E-35898E87EE4F}"
EndProject
Project("{FAE04EC0-301F-11D3-BF4B-00C04F79EFBC}") = "Platform.Caching.Redis", "frameworks\Platform.Caching.Redis\Platform.Caching.Redis.csproj", "{9D6EA768-A0FD-43DC-ABA7-00F0771E8B42}"
EndProject
Project("{FAE04EC0-301F-11D3-BF4B-00C04F79EFBC}") = "Platform.Common", "frameworks\Platform.Common\Platform.Common.csproj", "{FD5900F1-89E2-4D35-8D37-41415D87AD73}"
EndProject
Project("{FAE04EC0-301F-11D3-BF4B-00C04F79EFBC}") = "Platform.Authentication", "frameworks\Platform.Authentication\Platform.Authentication.csproj", "{1456506B-F8EE-4796-AF37-8B0ED2CC47EA}"
EndProject
Project("{FAE04EC0-301F-11D3-BF4B-00C04F79EFBC}") = "Platform.Authentication.Jwt", "frameworks\Platform.Authentication.Jwt\Platform.Authentication.Jwt.csproj", "{31C259C7-3356-46C9-A486-1A4229A636A4}"
EndProject
Project("{FAE04EC0-301F-11D3-BF4B-00C04F79EFBC}") = "Platform.Authentication.ApiKey", "frameworks\Platform.Authentication.ApiKey\Platform.Authentication.ApiKey.csproj", "{A1743070-548E-40B4-907D-B2D4F6D74383}"
EndProject
Project("{FAE04EC0-301F-11D3-BF4B-00C04F79EFBC}") = "Platform.BlobStoring", "frameworks\Platform.BlobStoring\Platform.BlobStoring.csproj", "{E5CA3F0E-8524-4276-921F-0AD10A464350}"
EndProject
Project("{FAE04EC0-301F-11D3-BF4B-00C04F79EFBC}") = "Platform.BlobStoring.MinIO", "frameworks\Platform.BlobStoring.MinIO\Platform.BlobStoring.MinIO.csproj", "{A79BA0BB-6C7B-4EFA-AB04-CDDA738F0513}"
EndProject
Project("{FAE04EC0-301F-11D3-BF4B-00C04F79EFBC}") = "Platform.Authentication.Cognito", "frameworks\Platform.Authentication.Cognito\Platform.Authentication.Cognito.csproj", "{8914A4B5-FF61-4799-9B86-8252DD0794A8}"
EndProject
Project("{FAE04EC0-301F-11D3-BF4B-00C04F79EFBC}") = "Platform.BlobStoring.AwsS3", "frameworks\Platform.BlobStoring.AwsS3\Platform.BlobStoring.AwsS3.csproj", "{E5521050-BD2E-4AAE-B932-DAEE1CD1A7EB}"
EndProject
Project("{FAE04EC0-301F-11D3-BF4B-00C04F79EFBC}") = "Platform.Notification", "frameworks\Platform.Notification\Platform.Notification.csproj", "{A41A7CAF-8982-48B3-B114-430474049F17}"
EndProject
Project("{FAE04EC0-301F-11D3-BF4B-00C04F79EFBC}") = "Platform.Notification.Mailkit", "frameworks\Platform.Notification.Mailkit\Platform.Notification.Mailkit.csproj", "{4FBD1BC7-2226-4522-A9CD-D0D85BB2868A}"
EndProject
Project("{FAE04EC0-301F-11D3-BF4B-00C04F79EFBC}") = "Platform.HealthChecks", "frameworks\Platform.HealthChecks\Platform.HealthChecks.csproj", "{1017962B-3CE6-4637-9E62-764EAA3A239E}"
EndProject
Project("{FAE04EC0-301F-11D3-BF4B-00C04F79EFBC}") = "UnitTest", "UnitTest\UnitTest.csproj", "{7FAB0A5A-16BF-470A-8CB5-322E6865BA13}"
EndProject
Project("{FAE04EC0-301F-11D3-BF4B-00C04F79EFBC}") = "Platform.Authentication.Basic", "frameworks\Platform.Authentication.Basic\Platform.Authentication.Basic.csproj", "{862AA45A-EA30-407B-8056-BF15365A7452}"
EndProject
Project("{FAE04EC0-301F-11D3-BF4B-00C04F79EFBC}") = "Platform.Modules.Setting", "modules\settings\Platform.Modules.Setting\Platform.Modules.Setting.csproj", "{78D14AB4-9702-4531-BFA6-41611C87E4CC}"
EndProject
Project("{2150E333-8FDC-42A3-9474-1A3956D46DE8}") = "frameworks", "frameworks", "{B91A47D2-C263-5038-41EB-7F1393D47ED0}"
EndProject
Project("{FAE04EC0-301F-11D3-BF4B-00C04F79EFBC}") = "Platform.OpenTelemetry.DDD", "frameworks\Platform.OpenTelemetry.DDD\Platform.OpenTelemetry.DDD.csproj", "{4BFF6C69-557B-4F3F-9174-1FBC67409983}"
EndProject
Project("{FAE04EC0-301F-11D3-BF4B-00C04F79EFBC}") = "Platform.Multitenancy", "frameworks\Platform.Multitenancy\Platform.Multitenancy.csproj", "{D01B59C9-B1C7-46F0-A78D-AB56C60231B4}"
EndProject
Project("{FAE04EC0-301F-11D3-BF4B-00C04F79EFBC}") = "Platform.Multitenancy.EntityFramework", "frameworks\Platform.Multitenancy.EntityFramework\Platform.Multitenancy.EntityFramework.csproj", "{61552851-3675-43AB-9E90-599D6E9B1F3F}"
EndProject
Project("{2150E333-8FDC-42A3-9474-1A3956D46DE8}") = "modules", "modules", "{CA253913-39DE-BFD0-C9A3-4B7EC6FBDF17}"
EndProject
Project("{2150E333-8FDC-42A3-9474-1A3956D46DE8}") = "settings", "settings", "{BC5CFCA1-E3BB-C72A-6DEF-A680C890E6B6}"
EndProject
Project("{FAE04EC0-301F-11D3-BF4B-00C04F79EFBC}") = "Platform.Modules.Setting.EntityFramework", "modules\settings\Platform.Modules.Setting.EntityFramework\Platform.Modules.Setting.EntityFramework.csproj", "{2F8232A5-1956-44E4-9E4B-6F24CF89954B}"
EndProject
Project("{FAE04EC0-301F-11D3-BF4B-00C04F79EFBC}") = "Platform.Modules.Setting.API", "modules\settings\Platform.Modules.Setting.API\Platform.Modules.Setting.API.csproj", "{29E4A370-1020-42FD-98C2-BFFDC7E5B090}"
EndProject
Project("{FAE04EC0-301F-11D3-BF4B-00C04F79EFBC}") = "Platform.ORM.Dapper", "frameworks\Platform.ORM.Dapper\Platform.ORM.Dapper.csproj", "{C5A5015D-C8C9-48D5-B9B8-C67078D947DF}"
EndProject
Project("{2150E333-8FDC-42A3-9474-1A3956D46DE8}") = "notifications", "notifications", "{E4F07A3A-0D15-4D3A-4C13-E2BD6EBFF108}"
EndProject
Project("{FAE04EC0-301F-11D3-BF4B-00C04F79EFBC}") = "Platform.Realtime.SignalR", "frameworks\Platform.Realtime.SignalR\Platform.Realtime.SignalR.csproj", "{789DBCA9-6D84-45A9-AEAA-1EC048726BAE}"
EndProject
Project("{FAE04EC0-301F-11D3-BF4B-00C04F79EFBC}") = "Platform.Modules.Notifications.Api", "modules\notifications\Platform.Modules.Notifications.Api\Platform.Modules.Notifications.Api.csproj", "{3F4D08B7-762B-452F-94CC-F227FAC2FCA3}"
EndProject
Project("{FAE04EC0-301F-11D3-BF4B-00C04F79EFBC}") = "Platform.Modules.Notifications", "modules\notifications\Platform.Modules.Notifications\Platform.Modules.Notifications.csproj", "{2A9D1726-BA4C-4674-A787-A904F68ADB10}"
EndProject
Project("{FAE04EC0-301F-11D3-BF4B-00C04F79EFBC}") = "Platform.Modules.Notifications.Redis", "modules\notifications\Platform.Modules.Notifications.Redis\Platform.Modules.Notifications.Redis.csproj", "{9CF99EDE-5CB5-4353-B6B9-30DEB1AB13A4}"
EndProject
Project("{FAE04EC0-301F-11D3-BF4B-00C04F79EFBC}") = "Platform.Realtime", "frameworks\Platform.Realtime\Platform.Realtime.csproj", "{A1B2C3D4-E5F6-7890-ABCD-EF1234567890}"
EndProject
Project("{FAE04EC0-301F-11D3-BF4B-00C04F79EFBC}") = "Platform.Workflow", "frameworks\Platform.Workflow\Platform.Workflow.csproj", "{FC47C0CE-8981-EC16-A960-6CF5C1B11582}"
EndProject
Project("{2150E333-8FDC-42A3-9474-1A3956D46DE8}") = "workflows", "workflows", "{680F14A4-D0F3-475E-B8FF-473F69AAB46C}"
EndProject
Project("{FAE04EC0-301F-11D3-BF4B-00C04F79EFBC}") = "Platform.Modules.Workflow", "modules\workflows\Platform.Modules.Workflow\Platform.Modules.Workflow.csproj", "{BD6EA6AD-E64E-B9FD-BCBC-94F0C1971408}"
EndProject
Project("{FAE04EC0-301F-11D3-BF4B-00C04F79EFBC}") = "Platform.Modules.Workflow.Api", "modules\workflows\Platform.Modules.Workflow.Api\Platform.Modules.Workflow.Api.csproj", "{EF10D69D-C438-1E33-D259-207E2D43B0F6}"
EndProject
Project("{FAE04EC0-301F-11D3-BF4B-00C04F79EFBC}") = "Platform.Modules.Workflow.EntityFramework", "modules\workflows\Platform.Modules.Workflow.EntityFramework\Platform.Modules.Workflow.EntityFramework.csproj", "{40DC48ED-47C0-84D7-A37A-FC3206564976}"
EndProject
Project("{FAE04EC0-301F-11D3-BF4B-00C04F79EFBC}") = "Platform.Modules.Workflow.Host", "modules\workflows\Platform.Modules.Workflow.Host\Platform.Modules.Workflow.Host.csproj", "{D77F6DF2-F4DD-5C57-A551-2EFEC080E995}"
EndProject
Project("{FAE04EC0-301F-11D3-BF4B-00C04F79EFBC}") = "Platform.Authentication.Identity", "frameworks\Platform.Authentication.Identity\Platform.Authentication.Identity.csproj", "{CAED094A-3B19-4627-B9F3-E9426C049B90}"
EndProject
Project("{2150E333-8FDC-42A3-9474-1A3956D46DE8}") = "identity", "identity", "{293C06CD-4E17-48BD-9F3B-B5ADDFFA9425}"
EndProject
Project("{FAE04EC0-301F-11D3-BF4B-00C04F79EFBC}") = "Platform.Modules.Account", "modules\identity\Platform.Modules.Account\Platform.Modules.Account.csproj", "{ACDC0F53-C868-48F4-A5F4-73B3406F80DA}"
EndProject
Project("{FAE04EC0-301F-11D3-BF4B-00C04F79EFBC}") = "Platform.Modules.IdentityAdmin", "modules\identity\Platform.Modules.IdentityAdmin\Platform.Modules.IdentityAdmin.csproj", "{E6766C7A-E32A-41F1-8C97-3763BBBECCC3}"
EndProject
Project("{FAE04EC0-301F-11D3-BF4B-00C04F79EFBC}") = "Platform.Authorization", "frameworks\Platform.Authorization\Platform.Authorization.csproj", "{61304B0B-2EF3-4D0D-BAD4-2F6CC8A2368E}"
EndProject
Project("{FAE04EC0-301F-11D3-BF4B-00C04F79EFBC}") = "Platform.Authorization.EntityFramework", "frameworks\Platform.Authorization.EntityFramework\Platform.Authorization.EntityFramework.csproj", "{5328B984-2670-48CC-A5F3-349F46320F7C}"
EndProject
Global
	GlobalSection(SolutionConfigurationPlatforms) = preSolution
		Debug|Any CPU = Debug|Any CPU
		Debug|x64 = Debug|x64
		Debug|x86 = Debug|x86
		Release|Any CPU = Release|Any CPU
		Release|x64 = Release|x64
		Release|x86 = Release|x86
	EndGlobalSection
	GlobalSection(ProjectConfigurationPlatforms) = postSolution
		{5C3BA71E-AFE5-45C3-950A-AD6A9E92538B}.Debug|Any CPU.ActiveCfg = Debug|Any CPU
		{5C3BA71E-AFE5-45C3-950A-AD6A9E92538B}.Debug|Any CPU.Build.0 = Debug|Any CPU
		{5C3BA71E-AFE5-45C3-950A-AD6A9E92538B}.Debug|x64.ActiveCfg = Debug|Any CPU
		{5C3BA71E-AFE5-45C3-950A-AD6A9E92538B}.Debug|x64.Build.0 = Debug|Any CPU
		{5C3BA71E-AFE5-45C3-950A-AD6A9E92538B}.Debug|x86.ActiveCfg = Debug|Any CPU
		{5C3BA71E-AFE5-45C3-950A-AD6A9E92538B}.Debug|x86.Build.0 = Debug|Any CPU
		{5C3BA71E-AFE5-45C3-950A-AD6A9E92538B}.Release|Any CPU.ActiveCfg = Release|Any CPU
		{5C3BA71E-AFE5-45C3-950A-AD6A9E92538B}.Release|Any CPU.Build.0 = Release|Any CPU
		{5C3BA71E-AFE5-45C3-950A-AD6A9E92538B}.Release|x64.ActiveCfg = Release|Any CPU
		{5C3BA71E-AFE5-45C3-950A-AD6A9E92538B}.Release|x64.Build.0 = Release|Any CPU
		{5C3BA71E-AFE5-45C3-950A-AD6A9E92538B}.Release|x86.ActiveCfg = Release|Any CPU
		{5C3BA71E-AFE5-45C3-950A-AD6A9E92538B}.Release|x86.Build.0 = Release|Any CPU
		{E2D83B03-7E3E-48B7-822A-76D3DB61E3DB}.Debug|Any CPU.ActiveCfg = Debug|Any CPU
		{E2D83B03-7E3E-48B7-822A-76D3DB61E3DB}.Debug|Any CPU.Build.0 = Debug|Any CPU
		{E2D83B03-7E3E-48B7-822A-76D3DB61E3DB}.Debug|x64.ActiveCfg = Debug|Any CPU
		{E2D83B03-7E3E-48B7-822A-76D3DB61E3DB}.Debug|x64.Build.0 = Debug|Any CPU
		{E2D83B03-7E3E-48B7-822A-76D3DB61E3DB}.Debug|x86.ActiveCfg = Debug|Any CPU
		{E2D83B03-7E3E-48B7-822A-76D3DB61E3DB}.Debug|x86.Build.0 = Debug|Any CPU
		{E2D83B03-7E3E-48B7-822A-76D3DB61E3DB}.Release|Any CPU.ActiveCfg = Release|Any CPU
		{E2D83B03-7E3E-48B7-822A-76D3DB61E3DB}.Release|Any CPU.Build.0 = Release|Any CPU
		{E2D83B03-7E3E-48B7-822A-76D3DB61E3DB}.Release|x64.ActiveCfg = Release|Any CPU
		{E2D83B03-7E3E-48B7-822A-76D3DB61E3DB}.Release|x64.Build.0 = Release|Any CPU
		{E2D83B03-7E3E-48B7-822A-76D3DB61E3DB}.Release|x86.ActiveCfg = Release|Any CPU
		{E2D83B03-7E3E-48B7-822A-76D3DB61E3DB}.Release|x86.Build.0 = Release|Any CPU
		{E7CA9283-C9DD-4616-A77C-268DB12CAC8D}.Debug|Any CPU.ActiveCfg = Debug|Any CPU
		{E7CA9283-C9DD-4616-A77C-268DB12CAC8D}.Debug|Any CPU.Build.0 = Debug|Any CPU
		{E7CA9283-C9DD-4616-A77C-268DB12CAC8D}.Debug|x64.ActiveCfg = Debug|Any CPU
		{E7CA9283-C9DD-4616-A77C-268DB12CAC8D}.Debug|x64.Build.0 = Debug|Any CPU
		{E7CA9283-C9DD-4616-A77C-268DB12CAC8D}.Debug|x86.ActiveCfg = Debug|Any CPU
		{E7CA9283-C9DD-4616-A77C-268DB12CAC8D}.Debug|x86.Build.0 = Debug|Any CPU
		{E7CA9283-C9DD-4616-A77C-268DB12CAC8D}.Release|Any CPU.ActiveCfg = Release|Any CPU
		{E7CA9283-C9DD-4616-A77C-268DB12CAC8D}.Release|Any CPU.Build.0 = Release|Any CPU
		{E7CA9283-C9DD-4616-A77C-268DB12CAC8D}.Release|x64.ActiveCfg = Release|Any CPU
		{E7CA9283-C9DD-4616-A77C-268DB12CAC8D}.Release|x64.Build.0 = Release|Any CPU
		{E7CA9283-C9DD-4616-A77C-268DB12CAC8D}.Release|x86.ActiveCfg = Release|Any CPU
		{E7CA9283-C9DD-4616-A77C-268DB12CAC8D}.Release|x86.Build.0 = Release|Any CPU
		{ACAD108F-F888-42AC-8288-03218FD2B976}.Debug|Any CPU.ActiveCfg = Debug|Any CPU
		{ACAD108F-F888-42AC-8288-03218FD2B976}.Debug|Any CPU.Build.0 = Debug|Any CPU
		{ACAD108F-F888-42AC-8288-03218FD2B976}.Debug|x64.ActiveCfg = Debug|Any CPU
		{ACAD108F-F888-42AC-8288-03218FD2B976}.Debug|x64.Build.0 = Debug|Any CPU
		{ACAD108F-F888-42AC-8288-03218FD2B976}.Debug|x86.ActiveCfg = Debug|Any CPU
		{ACAD108F-F888-42AC-8288-03218FD2B976}.Debug|x86.Build.0 = Debug|Any CPU
		{ACAD108F-F888-42AC-8288-03218FD2B976}.Release|Any CPU.ActiveCfg = Release|Any CPU
		{ACAD108F-F888-42AC-8288-03218FD2B976}.Release|Any CPU.Build.0 = Release|Any CPU
		{ACAD108F-F888-42AC-8288-03218FD2B976}.Release|x64.ActiveCfg = Release|Any CPU
		{ACAD108F-F888-42AC-8288-03218FD2B976}.Release|x64.Build.0 = Release|Any CPU
		{ACAD108F-F888-42AC-8288-03218FD2B976}.Release|x86.ActiveCfg = Release|Any CPU
		{ACAD108F-F888-42AC-8288-03218FD2B976}.Release|x86.Build.0 = Release|Any CPU
		{1A046DE9-A0A1-4D9F-9A19-073BA28AF910}.Debug|Any CPU.ActiveCfg = Debug|Any CPU
		{1A046DE9-A0A1-4D9F-9A19-073BA28AF910}.Debug|Any CPU.Build.0 = Debug|Any CPU
		{1A046DE9-A0A1-4D9F-9A19-073BA28AF910}.Debug|x64.ActiveCfg = Debug|Any CPU
		{1A046DE9-A0A1-4D9F-9A19-073BA28AF910}.Debug|x64.Build.0 = Debug|Any CPU
		{1A046DE9-A0A1-4D9F-9A19-073BA28AF910}.Debug|x86.ActiveCfg = Debug|Any CPU
		{1A046DE9-A0A1-4D9F-9A19-073BA28AF910}.Debug|x86.Build.0 = Debug|Any CPU
		{1A046DE9-A0A1-4D9F-9A19-073BA28AF910}.Release|Any CPU.ActiveCfg = Release|Any CPU
		{1A046DE9-A0A1-4D9F-9A19-073BA28AF910}.Release|Any CPU.Build.0 = Release|Any CPU
		{1A046DE9-A0A1-4D9F-9A19-073BA28AF910}.Release|x64.ActiveCfg = Release|Any CPU
		{1A046DE9-A0A1-4D9F-9A19-073BA28AF910}.Release|x64.Build.0 = Release|Any CPU
		{1A046DE9-A0A1-4D9F-9A19-073BA28AF910}.Release|x86.ActiveCfg = Release|Any CPU
		{1A046DE9-A0A1-4D9F-9A19-073BA28AF910}.Release|x86.Build.0 = Release|Any CPU
		{DE26490F-D620-4D35-A88F-B3B01E065DC4}.Debug|Any CPU.ActiveCfg = Debug|Any CPU
		{DE26490F-D620-4D35-A88F-B3B01E065DC4}.Debug|Any CPU.Build.0 = Debug|Any CPU
		{DE26490F-D620-4D35-A88F-B3B01E065DC4}.Debug|x64.ActiveCfg = Debug|Any CPU
		{DE26490F-D620-4D35-A88F-B3B01E065DC4}.Debug|x64.Build.0 = Debug|Any CPU
		{DE26490F-D620-4D35-A88F-B3B01E065DC4}.Debug|x86.ActiveCfg = Debug|Any CPU
		{DE26490F-D620-4D35-A88F-B3B01E065DC4}.Debug|x86.Build.0 = Debug|Any CPU
		{DE26490F-D620-4D35-A88F-B3B01E065DC4}.Release|Any CPU.ActiveCfg = Release|Any CPU
		{DE26490F-D620-4D35-A88F-B3B01E065DC4}.Release|Any CPU.Build.0 = Release|Any CPU
		{DE26490F-D620-4D35-A88F-B3B01E065DC4}.Release|x64.ActiveCfg = Release|Any CPU
		{DE26490F-D620-4D35-A88F-B3B01E065DC4}.Release|x64.Build.0 = Release|Any CPU
		{DE26490F-D620-4D35-A88F-B3B01E065DC4}.Release|x86.ActiveCfg = Release|Any CPU
		{DE26490F-D620-4D35-A88F-B3B01E065DC4}.Release|x86.Build.0 = Release|Any CPU
		{259AB0C9-A3A2-43B9-88FA-0ACA35A90ADE}.Debug|Any CPU.ActiveCfg = Debug|Any CPU
		{259AB0C9-A3A2-43B9-88FA-0ACA35A90ADE}.Debug|Any CPU.Build.0 = Debug|Any CPU
		{259AB0C9-A3A2-43B9-88FA-0ACA35A90ADE}.Debug|x64.ActiveCfg = Debug|Any CPU
		{259AB0C9-A3A2-43B9-88FA-0ACA35A90ADE}.Debug|x64.Build.0 = Debug|Any CPU
		{259AB0C9-A3A2-43B9-88FA-0ACA35A90ADE}.Debug|x86.ActiveCfg = Debug|Any CPU
		{259AB0C9-A3A2-43B9-88FA-0ACA35A90ADE}.Debug|x86.Build.0 = Debug|Any CPU
		{259AB0C9-A3A2-43B9-88FA-0ACA35A90ADE}.Release|Any CPU.ActiveCfg = Release|Any CPU
		{259AB0C9-A3A2-43B9-88FA-0ACA35A90ADE}.Release|Any CPU.Build.0 = Release|Any CPU
		{259AB0C9-A3A2-43B9-88FA-0ACA35A90ADE}.Release|x64.ActiveCfg = Release|Any CPU
		{259AB0C9-A3A2-43B9-88FA-0ACA35A90ADE}.Release|x64.Build.0 = Release|Any CPU
		{259AB0C9-A3A2-43B9-88FA-0ACA35A90ADE}.Release|x86.ActiveCfg = Release|Any CPU
		{259AB0C9-A3A2-43B9-88FA-0ACA35A90ADE}.Release|x86.Build.0 = Release|Any CPU
		{170E4851-5F28-42A5-8CEC-6BB79C58D67D}.Debug|Any CPU.ActiveCfg = Debug|Any CPU
		{170E4851-5F28-42A5-8CEC-6BB79C58D67D}.Debug|Any CPU.Build.0 = Debug|Any CPU
		{170E4851-5F28-42A5-8CEC-6BB79C58D67D}.Debug|x64.ActiveCfg = Debug|Any CPU
		{170E4851-5F28-42A5-8CEC-6BB79C58D67D}.Debug|x64.Build.0 = Debug|Any CPU
		{170E4851-5F28-42A5-8CEC-6BB79C58D67D}.Debug|x86.ActiveCfg = Debug|Any CPU
		{170E4851-5F28-42A5-8CEC-6BB79C58D67D}.Debug|x86.Build.0 = Debug|Any CPU
		{170E4851-5F28-42A5-8CEC-6BB79C58D67D}.Release|Any CPU.ActiveCfg = Release|Any CPU
		{170E4851-5F28-42A5-8CEC-6BB79C58D67D}.Release|Any CPU.Build.0 = Release|Any CPU
		{170E4851-5F28-42A5-8CEC-6BB79C58D67D}.Release|x64.ActiveCfg = Release|Any CPU
		{170E4851-5F28-42A5-8CEC-6BB79C58D67D}.Release|x64.Build.0 = Release|Any CPU
		{170E4851-5F28-42A5-8CEC-6BB79C58D67D}.Release|x86.ActiveCfg = Release|Any CPU
		{170E4851-5F28-42A5-8CEC-6BB79C58D67D}.Release|x86.Build.0 = Release|Any CPU
		{7B46080A-061A-4EAB-AB8E-3618EE7CFC4C}.Debug|Any CPU.ActiveCfg = Debug|Any CPU
		{7B46080A-061A-4EAB-AB8E-3618EE7CFC4C}.Debug|Any CPU.Build.0 = Debug|Any CPU
		{7B46080A-061A-4EAB-AB8E-3618EE7CFC4C}.Debug|x64.ActiveCfg = Debug|Any CPU
		{7B46080A-061A-4EAB-AB8E-3618EE7CFC4C}.Debug|x64.Build.0 = Debug|Any CPU
		{7B46080A-061A-4EAB-AB8E-3618EE7CFC4C}.Debug|x86.ActiveCfg = Debug|Any CPU
		{7B46080A-061A-4EAB-AB8E-3618EE7CFC4C}.Debug|x86.Build.0 = Debug|Any CPU
		{7B46080A-061A-4EAB-AB8E-3618EE7CFC4C}.Release|Any CPU.ActiveCfg = Release|Any CPU
		{7B46080A-061A-4EAB-AB8E-3618EE7CFC4C}.Release|Any CPU.Build.0 = Release|Any CPU
		{7B46080A-061A-4EAB-AB8E-3618EE7CFC4C}.Release|x64.ActiveCfg = Release|Any CPU
		{7B46080A-061A-4EAB-AB8E-3618EE7CFC4C}.Release|x64.Build.0 = Release|Any CPU
		{7B46080A-061A-4EAB-AB8E-3618EE7CFC4C}.Release|x86.ActiveCfg = Release|Any CPU
		{7B46080A-061A-4EAB-AB8E-3618EE7CFC4C}.Release|x86.Build.0 = Release|Any CPU
		{83C9CDAF-C729-442E-855E-35898E87EE4F}.Debug|Any CPU.ActiveCfg = Debug|Any CPU
		{83C9CDAF-C729-442E-855E-35898E87EE4F}.Debug|Any CPU.Build.0 = Debug|Any CPU
		{83C9CDAF-C729-442E-855E-35898E87EE4F}.Debug|x64.ActiveCfg = Debug|Any CPU
		{83C9CDAF-C729-442E-855E-35898E87EE4F}.Debug|x64.Build.0 = Debug|Any CPU
		{83C9CDAF-C729-442E-855E-35898E87EE4F}.Debug|x86.ActiveCfg = Debug|Any CPU
		{83C9CDAF-C729-442E-855E-35898E87EE4F}.Debug|x86.Build.0 = Debug|Any CPU
		{83C9CDAF-C729-442E-855E-35898E87EE4F}.Release|Any CPU.ActiveCfg = Release|Any CPU
		{83C9CDAF-C729-442E-855E-35898E87EE4F}.Release|Any CPU.Build.0 = Release|Any CPU
		{83C9CDAF-C729-442E-855E-35898E87EE4F}.Release|x64.ActiveCfg = Release|Any CPU
		{83C9CDAF-C729-442E-855E-35898E87EE4F}.Release|x64.Build.0 = Release|Any CPU
		{83C9CDAF-C729-442E-855E-35898E87EE4F}.Release|x86.ActiveCfg = Release|Any CPU
		{83C9CDAF-C729-442E-855E-35898E87EE4F}.Release|x86.Build.0 = Release|Any CPU
		{9D6EA768-A0FD-43DC-ABA7-00F0771E8B42}.Debug|Any CPU.ActiveCfg = Debug|Any CPU
		{9D6EA768-A0FD-43DC-ABA7-00F0771E8B42}.Debug|Any CPU.Build.0 = Debug|Any CPU
		{9D6EA768-A0FD-43DC-ABA7-00F0771E8B42}.Debug|x64.ActiveCfg = Debug|Any CPU
		{9D6EA768-A0FD-43DC-ABA7-00F0771E8B42}.Debug|x64.Build.0 = Debug|Any CPU
		{9D6EA768-A0FD-43DC-ABA7-00F0771E8B42}.Debug|x86.ActiveCfg = Debug|Any CPU
		{9D6EA768-A0FD-43DC-ABA7-00F0771E8B42}.Debug|x86.Build.0 = Debug|Any CPU
		{9D6EA768-A0FD-43DC-ABA7-00F0771E8B42}.Release|Any CPU.ActiveCfg = Release|Any CPU
		{9D6EA768-A0FD-43DC-ABA7-00F0771E8B42}.Release|Any CPU.Build.0 = Release|Any CPU
		{9D6EA768-A0FD-43DC-ABA7-00F0771E8B42}.Release|x64.ActiveCfg = Release|Any CPU
		{9D6EA768-A0FD-43DC-ABA7-00F0771E8B42}.Release|x64.Build.0 = Release|Any CPU
		{9D6EA768-A0FD-43DC-ABA7-00F0771E8B42}.Release|x86.ActiveCfg = Release|Any CPU
		{9D6EA768-A0FD-43DC-ABA7-00F0771E8B42}.Release|x86.Build.0 = Release|Any CPU
		{FD5900F1-89E2-4D35-8D37-41415D87AD73}.Debug|Any CPU.ActiveCfg = Debug|Any CPU
		{FD5900F1-89E2-4D35-8D37-41415D87AD73}.Debug|Any CPU.Build.0 = Debug|Any CPU
		{FD5900F1-89E2-4D35-8D37-41415D87AD73}.Debug|x64.ActiveCfg = Debug|Any CPU
		{FD5900F1-89E2-4D35-8D37-41415D87AD73}.Debug|x64.Build.0 = Debug|Any CPU
		{FD5900F1-89E2-4D35-8D37-41415D87AD73}.Debug|x86.ActiveCfg = Debug|Any CPU
		{FD5900F1-89E2-4D35-8D37-41415D87AD73}.Debug|x86.Build.0 = Debug|Any CPU
		{FD5900F1-89E2-4D35-8D37-41415D87AD73}.Release|Any CPU.ActiveCfg = Release|Any CPU
		{FD5900F1-89E2-4D35-8D37-41415D87AD73}.Release|Any CPU.Build.0 = Release|Any CPU
		{FD5900F1-89E2-4D35-8D37-41415D87AD73}.Release|x64.ActiveCfg = Release|Any CPU
		{FD5900F1-89E2-4D35-8D37-41415D87AD73}.Release|x64.Build.0 = Release|Any CPU
		{FD5900F1-89E2-4D35-8D37-41415D87AD73}.Release|x86.ActiveCfg = Release|Any CPU
		{FD5900F1-89E2-4D35-8D37-41415D87AD73}.Release|x86.Build.0 = Release|Any CPU
		{1456506B-F8EE-4796-AF37-8B0ED2CC47EA}.Debug|Any CPU.ActiveCfg = Debug|Any CPU
		{1456506B-F8EE-4796-AF37-8B0ED2CC47EA}.Debug|Any CPU.Build.0 = Debug|Any CPU
		{1456506B-F8EE-4796-AF37-8B0ED2CC47EA}.Debug|x64.ActiveCfg = Debug|Any CPU
		{1456506B-F8EE-4796-AF37-8B0ED2CC47EA}.Debug|x64.Build.0 = Debug|Any CPU
		{1456506B-F8EE-4796-AF37-8B0ED2CC47EA}.Debug|x86.ActiveCfg = Debug|Any CPU
		{1456506B-F8EE-4796-AF37-8B0ED2CC47EA}.Debug|x86.Build.0 = Debug|Any CPU
		{1456506B-F8EE-4796-AF37-8B0ED2CC47EA}.Release|Any CPU.ActiveCfg = Release|Any CPU
		{1456506B-F8EE-4796-AF37-8B0ED2CC47EA}.Release|Any CPU.Build.0 = Release|Any CPU
		{1456506B-F8EE-4796-AF37-8B0ED2CC47EA}.Release|x64.ActiveCfg = Release|Any CPU
		{1456506B-F8EE-4796-AF37-8B0ED2CC47EA}.Release|x64.Build.0 = Release|Any CPU
		{1456506B-F8EE-4796-AF37-8B0ED2CC47EA}.Release|x86.ActiveCfg = Release|Any CPU
		{1456506B-F8EE-4796-AF37-8B0ED2CC47EA}.Release|x86.Build.0 = Release|Any CPU
		{31C259C7-3356-46C9-A486-1A4229A636A4}.Debug|Any CPU.ActiveCfg = Debug|Any CPU
		{31C259C7-3356-46C9-A486-1A4229A636A4}.Debug|Any CPU.Build.0 = Debug|Any CPU
		{31C259C7-3356-46C9-A486-1A4229A636A4}.Debug|x64.ActiveCfg = Debug|Any CPU
		{31C259C7-3356-46C9-A486-1A4229A636A4}.Debug|x64.Build.0 = Debug|Any CPU
		{31C259C7-3356-46C9-A486-1A4229A636A4}.Debug|x86.ActiveCfg = Debug|Any CPU
		{31C259C7-3356-46C9-A486-1A4229A636A4}.Debug|x86.Build.0 = Debug|Any CPU
		{31C259C7-3356-46C9-A486-1A4229A636A4}.Release|Any CPU.ActiveCfg = Release|Any CPU
		{31C259C7-3356-46C9-A486-1A4229A636A4}.Release|Any CPU.Build.0 = Release|Any CPU
		{31C259C7-3356-46C9-A486-1A4229A636A4}.Release|x64.ActiveCfg = Release|Any CPU
		{31C259C7-3356-46C9-A486-1A4229A636A4}.Release|x64.Build.0 = Release|Any CPU
		{31C259C7-3356-46C9-A486-1A4229A636A4}.Release|x86.ActiveCfg = Release|Any CPU
		{31C259C7-3356-46C9-A486-1A4229A636A4}.Release|x86.Build.0 = Release|Any CPU
		{A1743070-548E-40B4-907D-B2D4F6D74383}.Debug|Any CPU.ActiveCfg = Debug|Any CPU
		{A1743070-548E-40B4-907D-B2D4F6D74383}.Debug|Any CPU.Build.0 = Debug|Any CPU
		{A1743070-548E-40B4-907D-B2D4F6D74383}.Debug|x64.ActiveCfg = Debug|Any CPU
		{A1743070-548E-40B4-907D-B2D4F6D74383}.Debug|x64.Build.0 = Debug|Any CPU
		{A1743070-548E-40B4-907D-B2D4F6D74383}.Debug|x86.ActiveCfg = Debug|Any CPU
		{A1743070-548E-40B4-907D-B2D4F6D74383}.Debug|x86.Build.0 = Debug|Any CPU
		{A1743070-548E-40B4-907D-B2D4F6D74383}.Release|Any CPU.ActiveCfg = Release|Any CPU
		{A1743070-548E-40B4-907D-B2D4F6D74383}.Release|Any CPU.Build.0 = Release|Any CPU
		{A1743070-548E-40B4-907D-B2D4F6D74383}.Release|x64.ActiveCfg = Release|Any CPU
		{A1743070-548E-40B4-907D-B2D4F6D74383}.Release|x64.Build.0 = Release|Any CPU
		{A1743070-548E-40B4-907D-B2D4F6D74383}.Release|x86.ActiveCfg = Release|Any CPU
		{A1743070-548E-40B4-907D-B2D4F6D74383}.Release|x86.Build.0 = Release|Any CPU
		{E5CA3F0E-8524-4276-921F-0AD10A464350}.Debug|Any CPU.ActiveCfg = Debug|Any CPU
		{E5CA3F0E-8524-4276-921F-0AD10A464350}.Debug|Any CPU.Build.0 = Debug|Any CPU
		{E5CA3F0E-8524-4276-921F-0AD10A464350}.Debug|x64.ActiveCfg = Debug|Any CPU
		{E5CA3F0E-8524-4276-921F-0AD10A464350}.Debug|x64.Build.0 = Debug|Any CPU
		{E5CA3F0E-8524-4276-921F-0AD10A464350}.Debug|x86.ActiveCfg = Debug|Any CPU
		{E5CA3F0E-8524-4276-921F-0AD10A464350}.Debug|x86.Build.0 = Debug|Any CPU
		{E5CA3F0E-8524-4276-921F-0AD10A464350}.Release|Any CPU.ActiveCfg = Release|Any CPU
		{E5CA3F0E-8524-4276-921F-0AD10A464350}.Release|Any CPU.Build.0 = Release|Any CPU
		{E5CA3F0E-8524-4276-921F-0AD10A464350}.Release|x64.ActiveCfg = Release|Any CPU
		{E5CA3F0E-8524-4276-921F-0AD10A464350}.Release|x64.Build.0 = Release|Any CPU
		{E5CA3F0E-8524-4276-921F-0AD10A464350}.Release|x86.ActiveCfg = Release|Any CPU
		{E5CA3F0E-8524-4276-921F-0AD10A464350}.Release|x86.Build.0 = Release|Any CPU
		{A79BA0BB-6C7B-4EFA-AB04-CDDA738F0513}.Debug|Any CPU.ActiveCfg = Debug|Any CPU
		{A79BA0BB-6C7B-4EFA-AB04-CDDA738F0513}.Debug|Any CPU.Build.0 = Debug|Any CPU
		{A79BA0BB-6C7B-4EFA-AB04-CDDA738F0513}.Debug|x64.ActiveCfg = Debug|Any CPU
		{A79BA0BB-6C7B-4EFA-AB04-CDDA738F0513}.Debug|x64.Build.0 = Debug|Any CPU
		{A79BA0BB-6C7B-4EFA-AB04-CDDA738F0513}.Debug|x86.ActiveCfg = Debug|Any CPU
		{A79BA0BB-6C7B-4EFA-AB04-CDDA738F0513}.Debug|x86.Build.0 = Debug|Any CPU
		{A79BA0BB-6C7B-4EFA-AB04-CDDA738F0513}.Release|Any CPU.ActiveCfg = Release|Any CPU
		{A79BA0BB-6C7B-4EFA-AB04-CDDA738F0513}.Release|Any CPU.Build.0 = Release|Any CPU
		{A79BA0BB-6C7B-4EFA-AB04-CDDA738F0513}.Release|x64.ActiveCfg = Release|Any CPU
		{A79BA0BB-6C7B-4EFA-AB04-CDDA738F0513}.Release|x64.Build.0 = Release|Any CPU
		{A79BA0BB-6C7B-4EFA-AB04-CDDA738F0513}.Release|x86.ActiveCfg = Release|Any CPU
		{A79BA0BB-6C7B-4EFA-AB04-CDDA738F0513}.Release|x86.Build.0 = Release|Any CPU
		{8914A4B5-FF61-4799-9B86-8252DD0794A8}.Debug|Any CPU.ActiveCfg = Debug|Any CPU
		{8914A4B5-FF61-4799-9B86-8252DD0794A8}.Debug|Any CPU.Build.0 = Debug|Any CPU
		{8914A4B5-FF61-4799-9B86-8252DD0794A8}.Debug|x64.ActiveCfg = Debug|Any CPU
		{8914A4B5-FF61-4799-9B86-8252DD0794A8}.Debug|x64.Build.0 = Debug|Any CPU
		{8914A4B5-FF61-4799-9B86-8252DD0794A8}.Debug|x86.ActiveCfg = Debug|Any CPU
		{8914A4B5-FF61-4799-9B86-8252DD0794A8}.Debug|x86.Build.0 = Debug|Any CPU
		{8914A4B5-FF61-4799-9B86-8252DD0794A8}.Release|Any CPU.ActiveCfg = Release|Any CPU
		{8914A4B5-FF61-4799-9B86-8252DD0794A8}.Release|Any CPU.Build.0 = Release|Any CPU
		{8914A4B5-FF61-4799-9B86-8252DD0794A8}.Release|x64.ActiveCfg = Release|Any CPU
		{8914A4B5-FF61-4799-9B86-8252DD0794A8}.Release|x64.Build.0 = Release|Any CPU
		{8914A4B5-FF61-4799-9B86-8252DD0794A8}.Release|x86.ActiveCfg = Release|Any CPU
		{8914A4B5-FF61-4799-9B86-8252DD0794A8}.Release|x86.Build.0 = Release|Any CPU
		{E5521050-BD2E-4AAE-B932-DAEE1CD1A7EB}.Debug|Any CPU.ActiveCfg = Debug|Any CPU
		{E5521050-BD2E-4AAE-B932-DAEE1CD1A7EB}.Debug|Any CPU.Build.0 = Debug|Any CPU
		{E5521050-BD2E-4AAE-B932-DAEE1CD1A7EB}.Debug|x64.ActiveCfg = Debug|Any CPU
		{E5521050-BD2E-4AAE-B932-DAEE1CD1A7EB}.Debug|x64.Build.0 = Debug|Any CPU
		{E5521050-BD2E-4AAE-B932-DAEE1CD1A7EB}.Debug|x86.ActiveCfg = Debug|Any CPU
		{E5521050-BD2E-4AAE-B932-DAEE1CD1A7EB}.Debug|x86.Build.0 = Debug|Any CPU
		{E5521050-BD2E-4AAE-B932-DAEE1CD1A7EB}.Release|Any CPU.ActiveCfg = Release|Any CPU
		{E5521050-BD2E-4AAE-B932-DAEE1CD1A7EB}.Release|Any CPU.Build.0 = Release|Any CPU
		{E5521050-BD2E-4AAE-B932-DAEE1CD1A7EB}.Release|x64.ActiveCfg = Release|Any CPU
		{E5521050-BD2E-4AAE-B932-DAEE1CD1A7EB}.Release|x64.Build.0 = Release|Any CPU
		{E5521050-BD2E-4AAE-B932-DAEE1CD1A7EB}.Release|x86.ActiveCfg = Release|Any CPU
		{E5521050-BD2E-4AAE-B932-DAEE1CD1A7EB}.Release|x86.Build.0 = Release|Any CPU
		{A41A7CAF-8982-48B3-B114-430474049F17}.Debug|Any CPU.ActiveCfg = Debug|Any CPU
		{A41A7CAF-8982-48B3-B114-430474049F17}.Debug|Any CPU.Build.0 = Debug|Any CPU
		{A41A7CAF-8982-48B3-B114-430474049F17}.Debug|x64.ActiveCfg = Debug|Any CPU
		{A41A7CAF-8982-48B3-B114-430474049F17}.Debug|x64.Build.0 = Debug|Any CPU
		{A41A7CAF-8982-48B3-B114-430474049F17}.Debug|x86.ActiveCfg = Debug|Any CPU
		{A41A7CAF-8982-48B3-B114-430474049F17}.Debug|x86.Build.0 = Debug|Any CPU
		{A41A7CAF-8982-48B3-B114-430474049F17}.Release|Any CPU.ActiveCfg = Release|Any CPU
		{A41A7CAF-8982-48B3-B114-430474049F17}.Release|Any CPU.Build.0 = Release|Any CPU
		{A41A7CAF-8982-48B3-B114-430474049F17}.Release|x64.ActiveCfg = Release|Any CPU
		{A41A7CAF-8982-48B3-B114-430474049F17}.Release|x64.Build.0 = Release|Any CPU
		{A41A7CAF-8982-48B3-B114-430474049F17}.Release|x86.ActiveCfg = Release|Any CPU
		{A41A7CAF-8982-48B3-B114-430474049F17}.Release|x86.Build.0 = Release|Any CPU
		{4FBD1BC7-2226-4522-A9CD-D0D85BB2868A}.Debug|Any CPU.ActiveCfg = Debug|Any CPU
		{4FBD1BC7-2226-4522-A9CD-D0D85BB2868A}.Debug|Any CPU.Build.0 = Debug|Any CPU
		{4FBD1BC7-2226-4522-A9CD-D0D85BB2868A}.Debug|x64.ActiveCfg = Debug|Any CPU
		{4FBD1BC7-2226-4522-A9CD-D0D85BB2868A}.Debug|x64.Build.0 = Debug|Any CPU
		{4FBD1BC7-2226-4522-A9CD-D0D85BB2868A}.Debug|x86.ActiveCfg = Debug|Any CPU
		{4FBD1BC7-2226-4522-A9CD-D0D85BB2868A}.Debug|x86.Build.0 = Debug|Any CPU
		{4FBD1BC7-2226-4522-A9CD-D0D85BB2868A}.Release|Any CPU.ActiveCfg = Release|Any CPU
		{4FBD1BC7-2226-4522-A9CD-D0D85BB2868A}.Release|Any CPU.Build.0 = Release|Any CPU
		{4FBD1BC7-2226-4522-A9CD-D0D85BB2868A}.Release|x64.ActiveCfg = Release|Any CPU
		{4FBD1BC7-2226-4522-A9CD-D0D85BB2868A}.Release|x64.Build.0 = Release|Any CPU
		{4FBD1BC7-2226-4522-A9CD-D0D85BB2868A}.Release|x86.ActiveCfg = Release|Any CPU
		{4FBD1BC7-2226-4522-A9CD-D0D85BB2868A}.Release|x86.Build.0 = Release|Any CPU
		{1017962B-3CE6-4637-9E62-764EAA3A239E}.Debug|Any CPU.ActiveCfg = Debug|Any CPU
		{1017962B-3CE6-4637-9E62-764EAA3A239E}.Debug|Any CPU.Build.0 = Debug|Any CPU
		{1017962B-3CE6-4637-9E62-764EAA3A239E}.Debug|x64.ActiveCfg = Debug|Any CPU
		{1017962B-3CE6-4637-9E62-764EAA3A239E}.Debug|x64.Build.0 = Debug|Any CPU
		{1017962B-3CE6-4637-9E62-764EAA3A239E}.Debug|x86.ActiveCfg = Debug|Any CPU
		{1017962B-3CE6-4637-9E62-764EAA3A239E}.Debug|x86.Build.0 = Debug|Any CPU
		{1017962B-3CE6-4637-9E62-764EAA3A239E}.Release|Any CPU.ActiveCfg = Release|Any CPU
		{1017962B-3CE6-4637-9E62-764EAA3A239E}.Release|Any CPU.Build.0 = Release|Any CPU
		{1017962B-3CE6-4637-9E62-764EAA3A239E}.Release|x64.ActiveCfg = Release|Any CPU
		{1017962B-3CE6-4637-9E62-764EAA3A239E}.Release|x64.Build.0 = Release|Any CPU
		{1017962B-3CE6-4637-9E62-764EAA3A239E}.Release|x86.ActiveCfg = Release|Any CPU
		{1017962B-3CE6-4637-9E62-764EAA3A239E}.Release|x86.Build.0 = Release|Any CPU
		{7FAB0A5A-16BF-470A-8CB5-322E6865BA13}.Debug|Any CPU.ActiveCfg = Debug|Any CPU
		{7FAB0A5A-16BF-470A-8CB5-322E6865BA13}.Debug|Any CPU.Build.0 = Debug|Any CPU
		{7FAB0A5A-16BF-470A-8CB5-322E6865BA13}.Debug|x64.ActiveCfg = Debug|Any CPU
		{7FAB0A5A-16BF-470A-8CB5-322E6865BA13}.Debug|x64.Build.0 = Debug|Any CPU
		{7FAB0A5A-16BF-470A-8CB5-322E6865BA13}.Debug|x86.ActiveCfg = Debug|Any CPU
		{7FAB0A5A-16BF-470A-8CB5-322E6865BA13}.Debug|x86.Build.0 = Debug|Any CPU
		{7FAB0A5A-16BF-470A-8CB5-322E6865BA13}.Release|Any CPU.ActiveCfg = Release|Any CPU
		{7FAB0A5A-16BF-470A-8CB5-322E6865BA13}.Release|Any CPU.Build.0 = Release|Any CPU
		{7FAB0A5A-16BF-470A-8CB5-322E6865BA13}.Release|x64.ActiveCfg = Release|Any CPU
		{7FAB0A5A-16BF-470A-8CB5-322E6865BA13}.Release|x64.Build.0 = Release|Any CPU
		{7FAB0A5A-16BF-470A-8CB5-322E6865BA13}.Release|x86.ActiveCfg = Release|Any CPU
		{7FAB0A5A-16BF-470A-8CB5-322E6865BA13}.Release|x86.Build.0 = Release|Any CPU
		{862AA45A-EA30-407B-8056-BF15365A7452}.Debug|Any CPU.ActiveCfg = Debug|Any CPU
		{862AA45A-EA30-407B-8056-BF15365A7452}.Debug|Any CPU.Build.0 = Debug|Any CPU
		{862AA45A-EA30-407B-8056-BF15365A7452}.Debug|x64.ActiveCfg = Debug|Any CPU
		{862AA45A-EA30-407B-8056-BF15365A7452}.Debug|x64.Build.0 = Debug|Any CPU
		{862AA45A-EA30-407B-8056-BF15365A7452}.Debug|x86.ActiveCfg = Debug|Any CPU
		{862AA45A-EA30-407B-8056-BF15365A7452}.Debug|x86.Build.0 = Debug|Any CPU
		{862AA45A-EA30-407B-8056-BF15365A7452}.Release|Any CPU.ActiveCfg = Release|Any CPU
		{862AA45A-EA30-407B-8056-BF15365A7452}.Release|Any CPU.Build.0 = Release|Any CPU
		{862AA45A-EA30-407B-8056-BF15365A7452}.Release|x64.ActiveCfg = Release|Any CPU
		{862AA45A-EA30-407B-8056-BF15365A7452}.Release|x64.Build.0 = Release|Any CPU
		{862AA45A-EA30-407B-8056-BF15365A7452}.Release|x86.ActiveCfg = Release|Any CPU
		{862AA45A-EA30-407B-8056-BF15365A7452}.Release|x86.Build.0 = Release|Any CPU
		{78D14AB4-9702-4531-BFA6-41611C87E4CC}.Debug|Any CPU.ActiveCfg = Debug|Any CPU
		{78D14AB4-9702-4531-BFA6-41611C87E4CC}.Debug|Any CPU.Build.0 = Debug|Any CPU
		{78D14AB4-9702-4531-BFA6-41611C87E4CC}.Debug|x64.ActiveCfg = Debug|Any CPU
		{78D14AB4-9702-4531-BFA6-41611C87E4CC}.Debug|x64.Build.0 = Debug|Any CPU
		{78D14AB4-9702-4531-BFA6-41611C87E4CC}.Debug|x86.ActiveCfg = Debug|Any CPU
		{78D14AB4-9702-4531-BFA6-41611C87E4CC}.Debug|x86.Build.0 = Debug|Any CPU
		{78D14AB4-9702-4531-BFA6-41611C87E4CC}.Release|Any CPU.ActiveCfg = Release|Any CPU
		{78D14AB4-9702-4531-BFA6-41611C87E4CC}.Release|Any CPU.Build.0 = Release|Any CPU
		{78D14AB4-9702-4531-BFA6-41611C87E4CC}.Release|x64.ActiveCfg = Release|Any CPU
		{78D14AB4-9702-4531-BFA6-41611C87E4CC}.Release|x64.Build.0 = Release|Any CPU
		{78D14AB4-9702-4531-BFA6-41611C87E4CC}.Release|x86.ActiveCfg = Release|Any CPU
		{78D14AB4-9702-4531-BFA6-41611C87E4CC}.Release|x86.Build.0 = Release|Any CPU
		{4BFF6C69-557B-4F3F-9174-1FBC67409983}.Debug|Any CPU.ActiveCfg = Debug|Any CPU
		{4BFF6C69-557B-4F3F-9174-1FBC67409983}.Debug|Any CPU.Build.0 = Debug|Any CPU
		{4BFF6C69-557B-4F3F-9174-1FBC67409983}.Debug|x64.ActiveCfg = Debug|Any CPU
		{4BFF6C69-557B-4F3F-9174-1FBC67409983}.Debug|x64.Build.0 = Debug|Any CPU
		{4BFF6C69-557B-4F3F-9174-1FBC67409983}.Debug|x86.ActiveCfg = Debug|Any CPU
		{4BFF6C69-557B-4F3F-9174-1FBC67409983}.Debug|x86.Build.0 = Debug|Any CPU
		{4BFF6C69-557B-4F3F-9174-1FBC67409983}.Release|Any CPU.ActiveCfg = Release|Any CPU
		{4BFF6C69-557B-4F3F-9174-1FBC67409983}.Release|Any CPU.Build.0 = Release|Any CPU
		{4BFF6C69-557B-4F3F-9174-1FBC67409983}.Release|x64.ActiveCfg = Release|Any CPU
		{4BFF6C69-557B-4F3F-9174-1FBC67409983}.Release|x64.Build.0 = Release|Any CPU
		{4BFF6C69-557B-4F3F-9174-1FBC67409983}.Release|x86.ActiveCfg = Release|Any CPU
		{4BFF6C69-557B-4F3F-9174-1FBC67409983}.Release|x86.Build.0 = Release|Any CPU
		{D01B59C9-B1C7-46F0-A78D-AB56C60231B4}.Debug|Any CPU.ActiveCfg = Debug|Any CPU
		{D01B59C9-B1C7-46F0-A78D-AB56C60231B4}.Debug|Any CPU.Build.0 = Debug|Any CPU
		{D01B59C9-B1C7-46F0-A78D-AB56C60231B4}.Debug|x64.ActiveCfg = Debug|Any CPU
		{D01B59C9-B1C7-46F0-A78D-AB56C60231B4}.Debug|x64.Build.0 = Debug|Any CPU
		{D01B59C9-B1C7-46F0-A78D-AB56C60231B4}.Debug|x86.ActiveCfg = Debug|Any CPU
		{D01B59C9-B1C7-46F0-A78D-AB56C60231B4}.Debug|x86.Build.0 = Debug|Any CPU
		{D01B59C9-B1C7-46F0-A78D-AB56C60231B4}.Release|Any CPU.ActiveCfg = Release|Any CPU
		{D01B59C9-B1C7-46F0-A78D-AB56C60231B4}.Release|Any CPU.Build.0 = Release|Any CPU
		{D01B59C9-B1C7-46F0-A78D-AB56C60231B4}.Release|x64.ActiveCfg = Release|Any CPU
		{D01B59C9-B1C7-46F0-A78D-AB56C60231B4}.Release|x64.Build.0 = Release|Any CPU
		{D01B59C9-B1C7-46F0-A78D-AB56C60231B4}.Release|x86.ActiveCfg = Release|Any CPU
		{D01B59C9-B1C7-46F0-A78D-AB56C60231B4}.Release|x86.Build.0 = Release|Any CPU
		{61552851-3675-43AB-9E90-599D6E9B1F3F}.Debug|Any CPU.ActiveCfg = Debug|Any CPU
		{61552851-3675-43AB-9E90-599D6E9B1F3F}.Debug|Any CPU.Build.0 = Debug|Any CPU
		{61552851-3675-43AB-9E90-599D6E9B1F3F}.Debug|x64.ActiveCfg = Debug|Any CPU
		{61552851-3675-43AB-9E90-599D6E9B1F3F}.Debug|x64.Build.0 = Debug|Any CPU
		{61552851-3675-43AB-9E90-599D6E9B1F3F}.Debug|x86.ActiveCfg = Debug|Any CPU
		{61552851-3675-43AB-9E90-599D6E9B1F3F}.Debug|x86.Build.0 = Debug|Any CPU
		{61552851-3675-43AB-9E90-599D6E9B1F3F}.Release|Any CPU.ActiveCfg = Release|Any CPU
		{61552851-3675-43AB-9E90-599D6E9B1F3F}.Release|Any CPU.Build.0 = Release|Any CPU
		{61552851-3675-43AB-9E90-599D6E9B1F3F}.Release|x64.ActiveCfg = Release|Any CPU
		{61552851-3675-43AB-9E90-599D6E9B1F3F}.Release|x64.Build.0 = Release|Any CPU
		{61552851-3675-43AB-9E90-599D6E9B1F3F}.Release|x86.ActiveCfg = Release|Any CPU
		{61552851-3675-43AB-9E90-599D6E9B1F3F}.Release|x86.Build.0 = Release|Any CPU
		{2F8232A5-1956-44E4-9E4B-6F24CF89954B}.Debug|Any CPU.ActiveCfg = Debug|Any CPU
		{2F8232A5-1956-44E4-9E4B-6F24CF89954B}.Debug|Any CPU.Build.0 = Debug|Any CPU
		{2F8232A5-1956-44E4-9E4B-6F24CF89954B}.Debug|x64.ActiveCfg = Debug|Any CPU
		{2F8232A5-1956-44E4-9E4B-6F24CF89954B}.Debug|x64.Build.0 = Debug|Any CPU
		{2F8232A5-1956-44E4-9E4B-6F24CF89954B}.Debug|x86.ActiveCfg = Debug|Any CPU
		{2F8232A5-1956-44E4-9E4B-6F24CF89954B}.Debug|x86.Build.0 = Debug|Any CPU
		{2F8232A5-1956-44E4-9E4B-6F24CF89954B}.Release|Any CPU.ActiveCfg = Release|Any CPU
		{2F8232A5-1956-44E4-9E4B-6F24CF89954B}.Release|Any CPU.Build.0 = Release|Any CPU
		{2F8232A5-1956-44E4-9E4B-6F24CF89954B}.Release|x64.ActiveCfg = Release|Any CPU
		{2F8232A5-1956-44E4-9E4B-6F24CF89954B}.Release|x64.Build.0 = Release|Any CPU
		{2F8232A5-1956-44E4-9E4B-6F24CF89954B}.Release|x86.ActiveCfg = Release|Any CPU
		{2F8232A5-1956-44E4-9E4B-6F24CF89954B}.Release|x86.Build.0 = Release|Any CPU
		{29E4A370-1020-42FD-98C2-BFFDC7E5B090}.Debug|Any CPU.ActiveCfg = Debug|Any CPU
		{29E4A370-1020-42FD-98C2-BFFDC7E5B090}.Debug|Any CPU.Build.0 = Debug|Any CPU
		{29E4A370-1020-42FD-98C2-BFFDC7E5B090}.Debug|x64.ActiveCfg = Debug|Any CPU
		{29E4A370-1020-42FD-98C2-BFFDC7E5B090}.Debug|x64.Build.0 = Debug|Any CPU
		{29E4A370-1020-42FD-98C2-BFFDC7E5B090}.Debug|x86.ActiveCfg = Debug|Any CPU
		{29E4A370-1020-42FD-98C2-BFFDC7E5B090}.Debug|x86.Build.0 = Debug|Any CPU
		{29E4A370-1020-42FD-98C2-BFFDC7E5B090}.Release|Any CPU.ActiveCfg = Release|Any CPU
		{29E4A370-1020-42FD-98C2-BFFDC7E5B090}.Release|Any CPU.Build.0 = Release|Any CPU
		{29E4A370-1020-42FD-98C2-BFFDC7E5B090}.Release|x64.ActiveCfg = Release|Any CPU
		{29E4A370-1020-42FD-98C2-BFFDC7E5B090}.Release|x64.Build.0 = Release|Any CPU
		{29E4A370-1020-42FD-98C2-BFFDC7E5B090}.Release|x86.ActiveCfg = Release|Any CPU
		{29E4A370-1020-42FD-98C2-BFFDC7E5B090}.Release|x86.Build.0 = Release|Any CPU
		{C5A5015D-C8C9-48D5-B9B8-C67078D947DF}.Debug|Any CPU.ActiveCfg = Debug|Any CPU
		{C5A5015D-C8C9-48D5-B9B8-C67078D947DF}.Debug|Any CPU.Build.0 = Debug|Any CPU
		{C5A5015D-C8C9-48D5-B9B8-C67078D947DF}.Debug|x64.ActiveCfg = Debug|Any CPU
		{C5A5015D-C8C9-48D5-B9B8-C67078D947DF}.Debug|x64.Build.0 = Debug|Any CPU
		{C5A5015D-C8C9-48D5-B9B8-C67078D947DF}.Debug|x86.ActiveCfg = Debug|Any CPU
		{C5A5015D-C8C9-48D5-B9B8-C67078D947DF}.Debug|x86.Build.0 = Debug|Any CPU
		{C5A5015D-C8C9-48D5-B9B8-C67078D947DF}.Release|Any CPU.ActiveCfg = Release|Any CPU
		{C5A5015D-C8C9-48D5-B9B8-C67078D947DF}.Release|Any CPU.Build.0 = Release|Any CPU
		{C5A5015D-C8C9-48D5-B9B8-C67078D947DF}.Release|x64.ActiveCfg = Release|Any CPU
		{C5A5015D-C8C9-48D5-B9B8-C67078D947DF}.Release|x64.Build.0 = Release|Any CPU
		{C5A5015D-C8C9-48D5-B9B8-C67078D947DF}.Release|x86.ActiveCfg = Release|Any CPU
		{C5A5015D-C8C9-48D5-B9B8-C67078D947DF}.Release|x86.Build.0 = Release|Any CPU
		{789DBCA9-6D84-45A9-AEAA-1EC048726BAE}.Debug|Any CPU.ActiveCfg = Debug|Any CPU
		{789DBCA9-6D84-45A9-AEAA-1EC048726BAE}.Debug|Any CPU.Build.0 = Debug|Any CPU
		{789DBCA9-6D84-45A9-AEAA-1EC048726BAE}.Debug|x64.ActiveCfg = Debug|Any CPU
		{789DBCA9-6D84-45A9-AEAA-1EC048726BAE}.Debug|x64.Build.0 = Debug|Any CPU
		{789DBCA9-6D84-45A9-AEAA-1EC048726BAE}.Debug|x86.ActiveCfg = Debug|Any CPU
		{789DBCA9-6D84-45A9-AEAA-1EC048726BAE}.Debug|x86.Build.0 = Debug|Any CPU
		{789DBCA9-6D84-45A9-AEAA-1EC048726BAE}.Release|Any CPU.ActiveCfg = Release|Any CPU
		{789DBCA9-6D84-45A9-AEAA-1EC048726BAE}.Release|Any CPU.Build.0 = Release|Any CPU
		{789DBCA9-6D84-45A9-AEAA-1EC048726BAE}.Release|x64.ActiveCfg = Release|Any CPU
		{789DBCA9-6D84-45A9-AEAA-1EC048726BAE}.Release|x64.Build.0 = Release|Any CPU
		{789DBCA9-6D84-45A9-AEAA-1EC048726BAE}.Release|x86.ActiveCfg = Release|Any CPU
		{789DBCA9-6D84-45A9-AEAA-1EC048726BAE}.Release|x86.Build.0 = Release|Any CPU
		{3F4D08B7-762B-452F-94CC-F227FAC2FCA3}.Debug|Any CPU.ActiveCfg = Debug|Any CPU
		{3F4D08B7-762B-452F-94CC-F227FAC2FCA3}.Debug|Any CPU.Build.0 = Debug|Any CPU
		{3F4D08B7-762B-452F-94CC-F227FAC2FCA3}.Debug|x64.ActiveCfg = Debug|Any CPU
		{3F4D08B7-762B-452F-94CC-F227FAC2FCA3}.Debug|x64.Build.0 = Debug|Any CPU
		{3F4D08B7-762B-452F-94CC-F227FAC2FCA3}.Debug|x86.ActiveCfg = Debug|Any CPU
		{3F4D08B7-762B-452F-94CC-F227FAC2FCA3}.Debug|x86.Build.0 = Debug|Any CPU
		{3F4D08B7-762B-452F-94CC-F227FAC2FCA3}.Release|Any CPU.ActiveCfg = Release|Any CPU
		{3F4D08B7-762B-452F-94CC-F227FAC2FCA3}.Release|Any CPU.Build.0 = Release|Any CPU
		{3F4D08B7-762B-452F-94CC-F227FAC2FCA3}.Release|x64.ActiveCfg = Release|Any CPU
		{3F4D08B7-762B-452F-94CC-F227FAC2FCA3}.Release|x64.Build.0 = Release|Any CPU
		{3F4D08B7-762B-452F-94CC-F227FAC2FCA3}.Release|x86.ActiveCfg = Release|Any CPU
		{3F4D08B7-762B-452F-94CC-F227FAC2FCA3}.Release|x86.Build.0 = Release|Any CPU
		{2A9D1726-BA4C-4674-A787-A904F68ADB10}.Debug|Any CPU.ActiveCfg = Debug|Any CPU
		{2A9D1726-BA4C-4674-A787-A904F68ADB10}.Debug|Any CPU.Build.0 = Debug|Any CPU
		{2A9D1726-BA4C-4674-A787-A904F68ADB10}.Debug|x64.ActiveCfg = Debug|Any CPU
		{2A9D1726-BA4C-4674-A787-A904F68ADB10}.Debug|x64.Build.0 = Debug|Any CPU
		{2A9D1726-BA4C-4674-A787-A904F68ADB10}.Debug|x86.ActiveCfg = Debug|Any CPU
		{2A9D1726-BA4C-4674-A787-A904F68ADB10}.Debug|x86.Build.0 = Debug|Any CPU
		{2A9D1726-BA4C-4674-A787-A904F68ADB10}.Release|Any CPU.ActiveCfg = Release|Any CPU
		{2A9D1726-BA4C-4674-A787-A904F68ADB10}.Release|Any CPU.Build.0 = Release|Any CPU
		{2A9D1726-BA4C-4674-A787-A904F68ADB10}.Release|x64.ActiveCfg = Release|Any CPU
		{2A9D1726-BA4C-4674-A787-A904F68ADB10}.Release|x64.Build.0 = Release|Any CPU
		{2A9D1726-BA4C-4674-A787-A904F68ADB10}.Release|x86.ActiveCfg = Release|Any CPU
		{2A9D1726-BA4C-4674-A787-A904F68ADB10}.Release|x86.Build.0 = Release|Any CPU
		{9CF99EDE-5CB5-4353-B6B9-30DEB1AB13A4}.Debug|Any CPU.ActiveCfg = Debug|Any CPU
		{9CF99EDE-5CB5-4353-B6B9-30DEB1AB13A4}.Debug|Any CPU.Build.0 = Debug|Any CPU
		{9CF99EDE-5CB5-4353-B6B9-30DEB1AB13A4}.Debug|x64.ActiveCfg = Debug|Any CPU
		{9CF99EDE-5CB5-4353-B6B9-30DEB1AB13A4}.Debug|x64.Build.0 = Debug|Any CPU
		{9CF99EDE-5CB5-4353-B6B9-30DEB1AB13A4}.Debug|x86.ActiveCfg = Debug|Any CPU
		{9CF99EDE-5CB5-4353-B6B9-30DEB1AB13A4}.Debug|x86.Build.0 = Debug|Any CPU
		{9CF99EDE-5CB5-4353-B6B9-30DEB1AB13A4}.Release|Any CPU.ActiveCfg = Release|Any CPU
		{9CF99EDE-5CB5-4353-B6B9-30DEB1AB13A4}.Release|Any CPU.Build.0 = Release|Any CPU
		{9CF99EDE-5CB5-4353-B6B9-30DEB1AB13A4}.Release|x64.ActiveCfg = Release|Any CPU
		{9CF99EDE-5CB5-4353-B6B9-30DEB1AB13A4}.Release|x64.Build.0 = Release|Any CPU
		{9CF99EDE-5CB5-4353-B6B9-30DEB1AB13A4}.Release|x86.ActiveCfg = Release|Any CPU
		{9CF99EDE-5CB5-4353-B6B9-30DEB1AB13A4}.Release|x86.Build.0 = Release|Any CPU
		{A1B2C3D4-E5F6-7890-ABCD-EF1234567890}.Debug|Any CPU.ActiveCfg = Debug|Any CPU
		{A1B2C3D4-E5F6-7890-ABCD-EF1234567890}.Debug|Any CPU.Build.0 = Debug|Any CPU
		{A1B2C3D4-E5F6-7890-ABCD-EF1234567890}.Debug|x64.ActiveCfg = Debug|Any CPU
		{A1B2C3D4-E5F6-7890-ABCD-EF1234567890}.Debug|x64.Build.0 = Debug|Any CPU
		{A1B2C3D4-E5F6-7890-ABCD-EF1234567890}.Debug|x86.ActiveCfg = Debug|Any CPU
		{A1B2C3D4-E5F6-7890-ABCD-EF1234567890}.Debug|x86.Build.0 = Debug|Any CPU
		{A1B2C3D4-E5F6-7890-ABCD-EF1234567890}.Release|Any CPU.ActiveCfg = Release|Any CPU
		{A1B2C3D4-E5F6-7890-ABCD-EF1234567890}.Release|Any CPU.Build.0 = Release|Any CPU
		{A1B2C3D4-E5F6-7890-ABCD-EF1234567890}.Release|x64.ActiveCfg = Release|Any CPU
		{A1B2C3D4-E5F6-7890-ABCD-EF1234567890}.Release|x64.Build.0 = Release|Any CPU
		{A1B2C3D4-E5F6-7890-ABCD-EF1234567890}.Release|x86.ActiveCfg = Release|Any CPU
		{A1B2C3D4-E5F6-7890-ABCD-EF1234567890}.Release|x86.Build.0 = Release|Any CPU
		{FC47C0CE-8981-EC16-A960-6CF5C1B11582}.Debug|Any CPU.ActiveCfg = Debug|Any CPU
		{FC47C0CE-8981-EC16-A960-6CF5C1B11582}.Debug|Any CPU.Build.0 = Debug|Any CPU
		{FC47C0CE-8981-EC16-A960-6CF5C1B11582}.Debug|x64.ActiveCfg = Debug|Any CPU
		{FC47C0CE-8981-EC16-A960-6CF5C1B11582}.Debug|x64.Build.0 = Debug|Any CPU
		{FC47C0CE-8981-EC16-A960-6CF5C1B11582}.Debug|x86.ActiveCfg = Debug|Any CPU
		{FC47C0CE-8981-EC16-A960-6CF5C1B11582}.Debug|x86.Build.0 = Debug|Any CPU
		{FC47C0CE-8981-EC16-A960-6CF5C1B11582}.Release|Any CPU.ActiveCfg = Release|Any CPU
		{FC47C0CE-8981-EC16-A960-6CF5C1B11582}.Release|Any CPU.Build.0 = Release|Any CPU
		{FC47C0CE-8981-EC16-A960-6CF5C1B11582}.Release|x64.ActiveCfg = Release|Any CPU
		{FC47C0CE-8981-EC16-A960-6CF5C1B11582}.Release|x64.Build.0 = Release|Any CPU
		{FC47C0CE-8981-EC16-A960-6CF5C1B11582}.Release|x86.ActiveCfg = Release|Any CPU
		{FC47C0CE-8981-EC16-A960-6CF5C1B11582}.Release|x86.Build.0 = Release|Any CPU
		{BD6EA6AD-E64E-B9FD-BCBC-94F0C1971408}.Debug|Any CPU.ActiveCfg = Debug|Any CPU
		{BD6EA6AD-E64E-B9FD-BCBC-94F0C1971408}.Debug|Any CPU.Build.0 = Debug|Any CPU
		{BD6EA6AD-E64E-B9FD-BCBC-94F0C1971408}.Debug|x64.ActiveCfg = Debug|Any CPU
		{BD6EA6AD-E64E-B9FD-BCBC-94F0C1971408}.Debug|x64.Build.0 = Debug|Any CPU
		{BD6EA6AD-E64E-B9FD-BCBC-94F0C1971408}.Debug|x86.ActiveCfg = Debug|Any CPU
		{BD6EA6AD-E64E-B9FD-BCBC-94F0C1971408}.Debug|x86.Build.0 = Debug|Any CPU
		{BD6EA6AD-E64E-B9FD-BCBC-94F0C1971408}.Release|Any CPU.ActiveCfg = Release|Any CPU
		{BD6EA6AD-E64E-B9FD-BCBC-94F0C1971408}.Release|Any CPU.Build.0 = Release|Any CPU
		{BD6EA6AD-E64E-B9FD-BCBC-94F0C1971408}.Release|x64.ActiveCfg = Release|Any CPU
		{BD6EA6AD-E64E-B9FD-BCBC-94F0C1971408}.Release|x64.Build.0 = Release|Any CPU
		{BD6EA6AD-E64E-B9FD-BCBC-94F0C1971408}.Release|x86.ActiveCfg = Release|Any CPU
		{BD6EA6AD-E64E-B9FD-BCBC-94F0C1971408}.Release|x86.Build.0 = Release|Any CPU
		{EF10D69D-C438-1E33-D259-207E2D43B0F6}.Debug|Any CPU.ActiveCfg = Debug|Any CPU
		{EF10D69D-C438-1E33-D259-207E2D43B0F6}.Debug|Any CPU.Build.0 = Debug|Any CPU
		{EF10D69D-C438-1E33-D259-207E2D43B0F6}.Debug|x64.ActiveCfg = Debug|Any CPU
		{EF10D69D-C438-1E33-D259-207E2D43B0F6}.Debug|x64.Build.0 = Debug|Any CPU
		{EF10D69D-C438-1E33-D259-207E2D43B0F6}.Debug|x86.ActiveCfg = Debug|Any CPU
		{EF10D69D-C438-1E33-D259-207E2D43B0F6}.Debug|x86.Build.0 = Debug|Any CPU
		{EF10D69D-C438-1E33-D259-207E2D43B0F6}.Release|Any CPU.ActiveCfg = Release|Any CPU
		{EF10D69D-C438-1E33-D259-207E2D43B0F6}.Release|Any CPU.Build.0 = Release|Any CPU
		{EF10D69D-C438-1E33-D259-207E2D43B0F6}.Release|x64.ActiveCfg = Release|Any CPU
		{EF10D69D-C438-1E33-D259-207E2D43B0F6}.Release|x64.Build.0 = Release|Any CPU
		{EF10D69D-C438-1E33-D259-207E2D43B0F6}.Release|x86.ActiveCfg = Release|Any CPU
		{EF10D69D-C438-1E33-D259-207E2D43B0F6}.Release|x86.Build.0 = Release|Any CPU
		{40DC48ED-47C0-84D7-A37A-FC3206564976}.Debug|Any CPU.ActiveCfg = Debug|Any CPU
		{40DC48ED-47C0-84D7-A37A-FC3206564976}.Debug|Any CPU.Build.0 = Debug|Any CPU
		{40DC48ED-47C0-84D7-A37A-FC3206564976}.Debug|x64.ActiveCfg = Debug|Any CPU
		{40DC48ED-47C0-84D7-A37A-FC3206564976}.Debug|x64.Build.0 = Debug|Any CPU
		{40DC48ED-47C0-84D7-A37A-FC3206564976}.Debug|x86.ActiveCfg = Debug|Any CPU
		{40DC48ED-47C0-84D7-A37A-FC3206564976}.Debug|x86.Build.0 = Debug|Any CPU
		{40DC48ED-47C0-84D7-A37A-FC3206564976}.Release|Any CPU.ActiveCfg = Release|Any CPU
		{40DC48ED-47C0-84D7-A37A-FC3206564976}.Release|Any CPU.Build.0 = Release|Any CPU
		{40DC48ED-47C0-84D7-A37A-FC3206564976}.Release|x64.ActiveCfg = Release|Any CPU
		{40DC48ED-47C0-84D7-A37A-FC3206564976}.Release|x64.Build.0 = Release|Any CPU
		{40DC48ED-47C0-84D7-A37A-FC3206564976}.Release|x86.ActiveCfg = Release|Any CPU
		{40DC48ED-47C0-84D7-A37A-FC3206564976}.Release|x86.Build.0 = Release|Any CPU
		{D77F6DF2-F4DD-5C57-A551-2EFEC080E995}.Debug|Any CPU.ActiveCfg = Debug|Any CPU
		{D77F6DF2-F4DD-5C57-A551-2EFEC080E995}.Debug|Any CPU.Build.0 = Debug|Any CPU
		{D77F6DF2-F4DD-5C57-A551-2EFEC080E995}.Debug|x64.ActiveCfg = Debug|Any CPU
		{D77F6DF2-F4DD-5C57-A551-2EFEC080E995}.Debug|x64.Build.0 = Debug|Any CPU
		{D77F6DF2-F4DD-5C57-A551-2EFEC080E995}.Debug|x86.ActiveCfg = Debug|Any CPU
		{D77F6DF2-F4DD-5C57-A551-2EFEC080E995}.Debug|x86.Build.0 = Debug|Any CPU
		{D77F6DF2-F4DD-5C57-A551-2EFEC080E995}.Release|Any CPU.ActiveCfg = Release|Any CPU
		{D77F6DF2-F4DD-5C57-A551-2EFEC080E995}.Release|Any CPU.Build.0 = Release|Any CPU
		{D77F6DF2-F4DD-5C57-A551-2EFEC080E995}.Release|x64.ActiveCfg = Release|Any CPU
		{D77F6DF2-F4DD-5C57-A551-2EFEC080E995}.Release|x64.Build.0 = Release|Any CPU
		{D77F6DF2-F4DD-5C57-A551-2EFEC080E995}.Release|x86.ActiveCfg = Release|Any CPU
		{D77F6DF2-F4DD-5C57-A551-2EFEC080E995}.Release|x86.Build.0 = Release|Any CPU
		{CAED094A-3B19-4627-B9F3-E9426C049B90}.Debug|Any CPU.ActiveCfg = Debug|Any CPU
		{CAED094A-3B19-4627-B9F3-E9426C049B90}.Debug|Any CPU.Build.0 = Debug|Any CPU
		{CAED094A-3B19-4627-B9F3-E9426C049B90}.Debug|x64.ActiveCfg = Debug|Any CPU
		{CAED094A-3B19-4627-B9F3-E9426C049B90}.Debug|x64.Build.0 = Debug|Any CPU
		{CAED094A-3B19-4627-B9F3-E9426C049B90}.Debug|x86.ActiveCfg = Debug|Any CPU
		{CAED094A-3B19-4627-B9F3-E9426C049B90}.Debug|x86.Build.0 = Debug|Any CPU
		{CAED094A-3B19-4627-B9F3-E9426C049B90}.Release|Any CPU.ActiveCfg = Release|Any CPU
		{CAED094A-3B19-4627-B9F3-E9426C049B90}.Release|Any CPU.Build.0 = Release|Any CPU
		{CAED094A-3B19-4627-B9F3-E9426C049B90}.Release|x64.ActiveCfg = Release|Any CPU
		{CAED094A-3B19-4627-B9F3-E9426C049B90}.Release|x64.Build.0 = Release|Any CPU
		{CAED094A-3B19-4627-B9F3-E9426C049B90}.Release|x86.ActiveCfg = Release|Any CPU
		{CAED094A-3B19-4627-B9F3-E9426C049B90}.Release|x86.Build.0 = Release|Any CPU
		{ACDC0F53-C868-48F4-A5F4-73B3406F80DA}.Debug|Any CPU.ActiveCfg = Debug|Any CPU
		{ACDC0F53-C868-48F4-A5F4-73B3406F80DA}.Debug|Any CPU.Build.0 = Debug|Any CPU
		{ACDC0F53-C868-48F4-A5F4-73B3406F80DA}.Debug|x64.ActiveCfg = Debug|Any CPU
		{ACDC0F53-C868-48F4-A5F4-73B3406F80DA}.Debug|x64.Build.0 = Debug|Any CPU
		{ACDC0F53-C868-48F4-A5F4-73B3406F80DA}.Debug|x86.ActiveCfg = Debug|Any CPU
		{ACDC0F53-C868-48F4-A5F4-73B3406F80DA}.Debug|x86.Build.0 = Debug|Any CPU
		{ACDC0F53-C868-48F4-A5F4-73B3406F80DA}.Release|Any CPU.ActiveCfg = Release|Any CPU
		{ACDC0F53-C868-48F4-A5F4-73B3406F80DA}.Release|Any CPU.Build.0 = Release|Any CPU
		{ACDC0F53-C868-48F4-A5F4-73B3406F80DA}.Release|x64.ActiveCfg = Release|Any CPU
		{ACDC0F53-C868-48F4-A5F4-73B3406F80DA}.Release|x64.Build.0 = Release|Any CPU
		{ACDC0F53-C868-48F4-A5F4-73B3406F80DA}.Release|x86.ActiveCfg = Release|Any CPU
		{ACDC0F53-C868-48F4-A5F4-73B3406F80DA}.Release|x86.Build.0 = Release|Any CPU
		{E6766C7A-E32A-41F1-8C97-3763BBBECCC3}.Debug|Any CPU.ActiveCfg = Debug|Any CPU
		{E6766C7A-E32A-41F1-8C97-3763BBBECCC3}.Debug|Any CPU.Build.0 = Debug|Any CPU
		{E6766C7A-E32A-41F1-8C97-3763BBBECCC3}.Debug|x64.ActiveCfg = Debug|Any CPU
		{E6766C7A-E32A-41F1-8C97-3763BBBECCC3}.Debug|x64.Build.0 = Debug|Any CPU
		{E6766C7A-E32A-41F1-8C97-3763BBBECCC3}.Debug|x86.ActiveCfg = Debug|Any CPU
		{E6766C7A-E32A-41F1-8C97-3763BBBECCC3}.Debug|x86.Build.0 = Debug|Any CPU
		{E6766C7A-E32A-41F1-8C97-3763BBBECCC3}.Release|Any CPU.ActiveCfg = Release|Any CPU
		{E6766C7A-E32A-41F1-8C97-3763BBBECCC3}.Release|Any CPU.Build.0 = Release|Any CPU
		{E6766C7A-E32A-41F1-8C97-3763BBBECCC3}.Release|x64.ActiveCfg = Release|Any CPU
		{E6766C7A-E32A-41F1-8C97-3763BBBECCC3}.Release|x64.Build.0 = Release|Any CPU
		{E6766C7A-E32A-41F1-8C97-3763BBBECCC3}.Release|x86.ActiveCfg = Release|Any CPU
		{E6766C7A-E32A-41F1-8C97-3763BBBECCC3}.Release|x86.Build.0 = Release|Any CPU
		{61304B0B-2EF3-4D0D-BAD4-2F6CC8A2368E}.Debug|Any CPU.ActiveCfg = Debug|Any CPU
		{61304B0B-2EF3-4D0D-BAD4-2F6CC8A2368E}.Debug|Any CPU.Build.0 = Debug|Any CPU
		{61304B0B-2EF3-4D0D-BAD4-2F6CC8A2368E}.Debug|x64.ActiveCfg = Debug|Any CPU
		{61304B0B-2EF3-4D0D-BAD4-2F6CC8A2368E}.Debug|x64.Build.0 = Debug|Any CPU
		{61304B0B-2EF3-4D0D-BAD4-2F6CC8A2368E}.Debug|x86.ActiveCfg = Debug|Any CPU
		{61304B0B-2EF3-4D0D-BAD4-2F6CC8A2368E}.Debug|x86.Build.0 = Debug|Any CPU
		{61304B0B-2EF3-4D0D-BAD4-2F6CC8A2368E}.Release|Any CPU.ActiveCfg = Release|Any CPU
		{61304B0B-2EF3-4D0D-BAD4-2F6CC8A2368E}.Release|Any CPU.Build.0 = Release|Any CPU
		{61304B0B-2EF3-4D0D-BAD4-2F6CC8A2368E}.Release|x64.ActiveCfg = Release|Any CPU
		{61304B0B-2EF3-4D0D-BAD4-2F6CC8A2368E}.Release|x64.Build.0 = Release|Any CPU
		{61304B0B-2EF3-4D0D-BAD4-2F6CC8A2368E}.Release|x86.ActiveCfg = Release|Any CPU
		{61304B0B-2EF3-4D0D-BAD4-2F6CC8A2368E}.Release|x86.Build.0 = Release|Any CPU
		{5328B984-2670-48CC-A5F3-349F46320F7C}.Debug|Any CPU.ActiveCfg = Debug|Any CPU
		{5328B984-2670-48CC-A5F3-349F46320F7C}.Debug|Any CPU.Build.0 = Debug|Any CPU
		{5328B984-2670-48CC-A5F3-349F46320F7C}.Debug|x64.ActiveCfg = Debug|Any CPU
		{5328B984-2670-48CC-A5F3-349F46320F7C}.Debug|x64.Build.0 = Debug|Any CPU
		{5328B984-2670-48CC-A5F3-349F46320F7C}.Debug|x86.ActiveCfg = Debug|Any CPU
		{5328B984-2670-48CC-A5F3-349F46320F7C}.Debug|x86.Build.0 = Debug|Any CPU
		{5328B984-2670-48CC-A5F3-349F46320F7C}.Release|Any CPU.ActiveCfg = Release|Any CPU
		{5328B984-2670-48CC-A5F3-349F46320F7C}.Release|Any CPU.Build.0 = Release|Any CPU
		{5328B984-2670-48CC-A5F3-349F46320F7C}.Release|x64.ActiveCfg = Release|Any CPU
		{5328B984-2670-48CC-A5F3-349F46320F7C}.Release|x64.Build.0 = Release|Any CPU
		{5328B984-2670-48CC-A5F3-349F46320F7C}.Release|x86.ActiveCfg = Release|Any CPU
		{5328B984-2670-48CC-A5F3-349F46320F7C}.Release|x86.Build.0 = Release|Any CPU
	EndGlobalSection
	GlobalSection(SolutionProperties) = preSolution
		HideSolutionNode = FALSE
	EndGlobalSection
	GlobalSection(NestedProjects) = preSolution
		{5C3BA71E-AFE5-45C3-950A-AD6A9E92538B} = {B91A47D2-C263-5038-41EB-7F1393D47ED0}
		{E2D83B03-7E3E-48B7-822A-76D3DB61E3DB} = {B91A47D2-C263-5038-41EB-7F1393D47ED0}
		{E7CA9283-C9DD-4616-A77C-268DB12CAC8D} = {B91A47D2-C263-5038-41EB-7F1393D47ED0}
		{ACAD108F-F888-42AC-8288-03218FD2B976} = {B91A47D2-C263-5038-41EB-7F1393D47ED0}
		{DE26490F-D620-4D35-A88F-B3B01E065DC4} = {B91A47D2-C263-5038-41EB-7F1393D47ED0}
		{259AB0C9-A3A2-43B9-88FA-0ACA35A90ADE} = {B91A47D2-C263-5038-41EB-7F1393D47ED0}
		{170E4851-5F28-42A5-8CEC-6BB79C58D67D} = {B91A47D2-C263-5038-41EB-7F1393D47ED0}
		{7B46080A-061A-4EAB-AB8E-3618EE7CFC4C} = {B91A47D2-C263-5038-41EB-7F1393D47ED0}
		{83C9CDAF-C729-442E-855E-35898E87EE4F} = {B91A47D2-C263-5038-41EB-7F1393D47ED0}
		{9D6EA768-A0FD-43DC-ABA7-00F0771E8B42} = {B91A47D2-C263-5038-41EB-7F1393D47ED0}
		{FD5900F1-89E2-4D35-8D37-41415D87AD73} = {B91A47D2-C263-5038-41EB-7F1393D47ED0}
		{1456506B-F8EE-4796-AF37-8B0ED2CC47EA} = {B91A47D2-C263-5038-41EB-7F1393D47ED0}
		{31C259C7-3356-46C9-A486-1A4229A636A4} = {B91A47D2-C263-5038-41EB-7F1393D47ED0}
		{A1743070-548E-40B4-907D-B2D4F6D74383} = {B91A47D2-C263-5038-41EB-7F1393D47ED0}
		{E5CA3F0E-8524-4276-921F-0AD10A464350} = {B91A47D2-C263-5038-41EB-7F1393D47ED0}
		{A79BA0BB-6C7B-4EFA-AB04-CDDA738F0513} = {B91A47D2-C263-5038-41EB-7F1393D47ED0}
		{8914A4B5-FF61-4799-9B86-8252DD0794A8} = {B91A47D2-C263-5038-41EB-7F1393D47ED0}
		{E5521050-BD2E-4AAE-B932-DAEE1CD1A7EB} = {B91A47D2-C263-5038-41EB-7F1393D47ED0}
		{A41A7CAF-8982-48B3-B114-430474049F17} = {B91A47D2-C263-5038-41EB-7F1393D47ED0}
		{4FBD1BC7-2226-4522-A9CD-D0D85BB2868A} = {B91A47D2-C263-5038-41EB-7F1393D47ED0}
		{1017962B-3CE6-4637-9E62-764EAA3A239E} = {B91A47D2-C263-5038-41EB-7F1393D47ED0}
		{862AA45A-EA30-407B-8056-BF15365A7452} = {B91A47D2-C263-5038-41EB-7F1393D47ED0}
		{78D14AB4-9702-4531-BFA6-41611C87E4CC} = {BC5CFCA1-E3BB-C72A-6DEF-A680C890E6B6}
		{4BFF6C69-557B-4F3F-9174-1FBC67409983} = {B91A47D2-C263-5038-41EB-7F1393D47ED0}
		{D01B59C9-B1C7-46F0-A78D-AB56C60231B4} = {B91A47D2-C263-5038-41EB-7F1393D47ED0}
		{61552851-3675-43AB-9E90-599D6E9B1F3F} = {B91A47D2-C263-5038-41EB-7F1393D47ED0}
		{BC5CFCA1-E3BB-C72A-6DEF-A680C890E6B6} = {CA253913-39DE-BFD0-C9A3-4B7EC6FBDF17}
		{2F8232A5-1956-44E4-9E4B-6F24CF89954B} = {BC5CFCA1-E3BB-C72A-6DEF-A680C890E6B6}
		{29E4A370-1020-42FD-98C2-BFFDC7E5B090} = {BC5CFCA1-E3BB-C72A-6DEF-A680C890E6B6}
		{C5A5015D-C8C9-48D5-B9B8-C67078D947DF} = {B91A47D2-C263-5038-41EB-7F1393D47ED0}
		{E4F07A3A-0D15-4D3A-4C13-E2BD6EBFF108} = {CA253913-39DE-BFD0-C9A3-4B7EC6FBDF17}
		{789DBCA9-6D84-45A9-AEAA-1EC048726BAE} = {B91A47D2-C263-5038-41EB-7F1393D47ED0}
		{3F4D08B7-762B-452F-94CC-F227FAC2FCA3} = {E4F07A3A-0D15-4D3A-4C13-E2BD6EBFF108}
		{2A9D1726-BA4C-4674-A787-A904F68ADB10} = {E4F07A3A-0D15-4D3A-4C13-E2BD6EBFF108}
		{9CF99EDE-5CB5-4353-B6B9-30DEB1AB13A4} = {E4F07A3A-0D15-4D3A-4C13-E2BD6EBFF108}
		{A1B2C3D4-E5F6-7890-ABCD-EF1234567890} = {B91A47D2-C263-5038-41EB-7F1393D47ED0}
		{FC47C0CE-8981-EC16-A960-6CF5C1B11582} = {B91A47D2-C263-5038-41EB-7F1393D47ED0}
		{680F14A4-D0F3-475E-B8FF-473F69AAB46C} = {CA253913-39DE-BFD0-C9A3-4B7EC6FBDF17}
		{BD6EA6AD-E64E-B9FD-BCBC-94F0C1971408} = {680F14A4-D0F3-475E-B8FF-473F69AAB46C}
		{EF10D69D-C438-1E33-D259-207E2D43B0F6} = {680F14A4-D0F3-475E-B8FF-473F69AAB46C}
		{40DC48ED-47C0-84D7-A37A-FC3206564976} = {680F14A4-D0F3-475E-B8FF-473F69AAB46C}
		{D77F6DF2-F4DD-5C57-A551-2EFEC080E995} = {680F14A4-D0F3-475E-B8FF-473F69AAB46C}
		{CAED094A-3B19-4627-B9F3-E9426C049B90} = {B91A47D2-C263-5038-41EB-7F1393D47ED0}
		{293C06CD-4E17-48BD-9F3B-B5ADDFFA9425} = {CA253913-39DE-BFD0-C9A3-4B7EC6FBDF17}
		{ACDC0F53-C868-48F4-A5F4-73B3406F80DA} = {293C06CD-4E17-48BD-9F3B-B5ADDFFA9425}
		{E6766C7A-E32A-41F1-8C97-3763BBBECCC3} = {293C06CD-4E17-48BD-9F3B-B5ADDFFA9425}
		{61304B0B-2EF3-4D0D-BAD4-2F6CC8A2368E} = {293C06CD-4E17-48BD-9F3B-B5ADDFFA9425}
		{5328B984-2670-48CC-A5F3-349F46320F7C} = {B91A47D2-C263-5038-41EB-7F1393D47ED0}
	EndGlobalSection
	GlobalSection(ExtensibilityGlobals) = postSolution
		SolutionGuid = {E2548457-830C-43E1-93AA-72299EB5B58A}
	EndGlobalSection
EndGlobal
